// !$*UTF8*$!
{
	archiveVersion = 1;
	classes = {
	};
	objectVersion = 56;
	objects = {

/* Begin PBXBuildFile section */
		454DAB6E291FA338002CC8D6 /* BOJ_1712.swift in Sources */ = {isa = PBXBuildFile; fileRef = 454DAB6D291FA338002CC8D6 /* BOJ_1712.swift */; };
		454DAB70291FAEFD002CC8D6 /* BOJ_BeeHouse_2292.swift in Sources */ = {isa = PBXBuildFile; fileRef = 454DAB6F291FAEFD002CC8D6 /* BOJ_BeeHouse_2292.swift */; };
		454DAB8E29260D94002CC8D6 /* BOJ_2869.swift in Sources */ = {isa = PBXBuildFile; fileRef = 454DAB8D29260D94002CC8D6 /* BOJ_2869.swift */; };
		454DAB9429277B62002CC8D6 /* BOJ_DiceGame_10103.swift in Sources */ = {isa = PBXBuildFile; fileRef = 454DAB9329277B62002CC8D6 /* BOJ_DiceGame_10103.swift */; };
		45578595291CE9370082A983 /* BOJ_23795.swift in Sources */ = {isa = PBXBuildFile; fileRef = 45578594291CE9370082A983 /* BOJ_23795.swift */; };
		455F3BFC293CB8FE0049D6FA /* BOJ_Stack_10828.swift in Sources */ = {isa = PBXBuildFile; fileRef = 455F3BFB293CB8FE0049D6FA /* BOJ_Stack_10828.swift */; };
		455F3BFA29361F6F0049D6FA /* BOJ_ACM-hotel_10250.swift in Sources */ = {isa = PBXBuildFile; fileRef = 455F3BF929361F6F0049D6FA /* BOJ_ACM-hotel_10250.swift */; };
		45624F7A2916BB050086674A /* PGS_jumpAndTeleport_12980.swift in Sources */ = {isa = PBXBuildFile; fileRef = 45624F792916BB050086674A /* PGS_jumpAndTeleport_12980.swift */; };
		45624F7C2916BB210086674A /* PGS_Form.swift in Sources */ = {isa = PBXBuildFile; fileRef = 45624F7B2916BB210086674A /* PGS_Form.swift */; };
		45624F7E2916C8AC0086674A /* UnResolve+PGS_Hail_sequence_integral_134239.swift in Sources */ = {isa = PBXBuildFile; fileRef = 45624F7D2916C8AC0086674A /* UnResolve+PGS_Hail_sequence_integral_134239.swift */; };
		45624F80291786FD0086674A /* BOJ_A+B-8_11022.swift in Sources */ = {isa = PBXBuildFile; fileRef = 45624F7F291786FD0086674A /* BOJ_A+B-8_11022.swift */; };
		45624F82291790880086674A /* BOJ_Form.swift in Sources */ = {isa = PBXBuildFile; fileRef = 45624F81291790880086674A /* BOJ_Form.swift */; };
		45624F842917D2A30086674A /* BOJ_TestGrade_9498.swift in Sources */ = {isa = PBXBuildFile; fileRef = 45624F832917D2A30086674A /* BOJ_TestGrade_9498.swift */; };
		45B6A5C1290D6C2300325D1E /* PGS_Colatz_guess.swift in Sources */ = {isa = PBXBuildFile; fileRef = 45B6A5C0290D6C2300325D1E /* PGS_Colatz_guess.swift */; };
		45B6A5C3290D7FDC00325D1E /* UnResolve+BOJ_잃어버린괄호_1541.swift in Sources */ = {isa = PBXBuildFile; fileRef = 45B6A5C2290D7FDC00325D1E /* UnResolve+BOJ_잃어버린괄호_1541.swift */; };
		45B6A5C5290E310000325D1E /* PGS_CellPhoneNumberHide.swift in Sources */ = {isa = PBXBuildFile; fileRef = 45B6A5C4290E310000325D1E /* PGS_CellPhoneNumberHide.swift */; };
		45C0DC612927EF0800D4964F /* BOJ_collectionCount_10987.swift in Sources */ = {isa = PBXBuildFile; fileRef = 45C0DC602927EF0800D4964F /* BOJ_collectionCount_10987.swift */; };
		45E51D26290595AD0006154F /* main.swift in Sources */ = {isa = PBXBuildFile; fileRef = 45E51D25290595AD0006154F /* main.swift */; };
		45E51D2F29067C410006154F /* BOJ_BridgeSet_1010.swift in Sources */ = {isa = PBXBuildFile; fileRef = 45E51D2E29067C410006154F /* BOJ_BridgeSet_1010.swift */; };
/* End PBXBuildFile section */

/* Begin PBXCopyFilesBuildPhase section */
		45E51D20290595AD0006154F /* CopyFiles */ = {
			isa = PBXCopyFilesBuildPhase;
			buildActionMask = 2147483647;
			dstPath = /usr/share/man/man1/;
			dstSubfolderSpec = 0;
			files = (
			);
			runOnlyForDeploymentPostprocessing = 1;
		};
/* End PBXCopyFilesBuildPhase section */

/* Begin PBXFileReference section */
		454DAB6D291FA338002CC8D6 /* BOJ_1712.swift */ = {isa = PBXFileReference; lastKnownFileType = sourcecode.swift; path = BOJ_1712.swift; sourceTree = "<group>"; };
		454DAB6F291FAEFD002CC8D6 /* BOJ_BeeHouse_2292.swift */ = {isa = PBXFileReference; lastKnownFileType = sourcecode.swift; path = BOJ_BeeHouse_2292.swift; sourceTree = "<group>"; };
		454DAB8D29260D94002CC8D6 /* BOJ_2869.swift */ = {isa = PBXFileReference; lastKnownFileType = sourcecode.swift; path = BOJ_2869.swift; sourceTree = "<group>"; };
		454DAB9329277B62002CC8D6 /* BOJ_DiceGame_10103.swift */ = {isa = PBXFileReference; lastKnownFileType = sourcecode.swift; path = BOJ_DiceGame_10103.swift; sourceTree = "<group>"; };
		45578594291CE9370082A983 /* BOJ_23795.swift */ = {isa = PBXFileReference; lastKnownFileType = sourcecode.swift; path = BOJ_23795.swift; sourceTree = "<group>"; };
		455F3BFB293CB8FE0049D6FA /* BOJ_Stack_10828.swift */ = {isa = PBXFileReference; lastKnownFileType = sourcecode.swift; path = BOJ_Stack_10828.swift; sourceTree = "<group>"; };
		455F3BF929361F6F0049D6FA /* BOJ_ACM-hotel_10250.swift */ = {isa = PBXFileReference; lastKnownFileType = sourcecode.swift; path = "BOJ_ACM-hotel_10250.swift"; sourceTree = "<group>"; };
		45624F792916BB050086674A /* PGS_jumpAndTeleport_12980.swift */ = {isa = PBXFileReference; lastKnownFileType = sourcecode.swift; path = PGS_jumpAndTeleport_12980.swift; sourceTree = "<group>"; };
		45624F7B2916BB210086674A /* PGS_Form.swift */ = {isa = PBXFileReference; lastKnownFileType = sourcecode.swift; path = PGS_Form.swift; sourceTree = "<group>"; };
		45624F7D2916C8AC0086674A /* UnResolve+PGS_Hail_sequence_integral_134239.swift */ = {isa = PBXFileReference; lastKnownFileType = sourcecode.swift; path = "UnResolve+PGS_Hail_sequence_integral_134239.swift"; sourceTree = "<group>"; };
		45624F7F291786FD0086674A /* BOJ_A+B-8_11022.swift */ = {isa = PBXFileReference; lastKnownFileType = sourcecode.swift; path = "BOJ_A+B-8_11022.swift"; sourceTree = "<group>"; };
		45624F81291790880086674A /* BOJ_Form.swift */ = {isa = PBXFileReference; lastKnownFileType = sourcecode.swift; path = BOJ_Form.swift; sourceTree = "<group>"; };
		45624F832917D2A30086674A /* BOJ_TestGrade_9498.swift */ = {isa = PBXFileReference; lastKnownFileType = sourcecode.swift; path = BOJ_TestGrade_9498.swift; sourceTree = "<group>"; };
		45B6A5C0290D6C2300325D1E /* PGS_Colatz_guess.swift */ = {isa = PBXFileReference; lastKnownFileType = sourcecode.swift; path = PGS_Colatz_guess.swift; sourceTree = "<group>"; };
		45B6A5C2290D7FDC00325D1E /* UnResolve+BOJ_잃어버린괄호_1541.swift */ = {isa = PBXFileReference; lastKnownFileType = sourcecode.swift; path = "UnResolve+BOJ_잃어버린괄호_1541.swift"; sourceTree = "<group>"; };
		45B6A5C4290E310000325D1E /* PGS_CellPhoneNumberHide.swift */ = {isa = PBXFileReference; lastKnownFileType = sourcecode.swift; path = PGS_CellPhoneNumberHide.swift; sourceTree = "<group>"; };
		45C0DC602927EF0800D4964F /* BOJ_collectionCount_10987.swift */ = {isa = PBXFileReference; lastKnownFileType = sourcecode.swift; path = BOJ_collectionCount_10987.swift; sourceTree = "<group>"; };
		45E51D22290595AD0006154F /* Algorithm_Study_in_Swift */ = {isa = PBXFileReference; explicitFileType = "compiled.mach-o.executable"; includeInIndex = 0; path = Algorithm_Study_in_Swift; sourceTree = BUILT_PRODUCTS_DIR; };
		45E51D25290595AD0006154F /* main.swift */ = {isa = PBXFileReference; lastKnownFileType = sourcecode.swift; path = main.swift; sourceTree = "<group>"; };
		45E51D2E29067C410006154F /* BOJ_BridgeSet_1010.swift */ = {isa = PBXFileReference; lastKnownFileType = sourcecode.swift; path = BOJ_BridgeSet_1010.swift; sourceTree = "<group>"; };
/* End PBXFileReference section */

/* Begin PBXFrameworksBuildPhase section */
		45E51D1F290595AD0006154F /* Frameworks */ = {
			isa = PBXFrameworksBuildPhase;
			buildActionMask = 2147483647;
			files = (
			);
			runOnlyForDeploymentPostprocessing = 0;
		};
/* End PBXFrameworksBuildPhase section */

/* Begin PBXGroup section */
		45624F782916BA390086674A /* LEVEL2 */ = {
			isa = PBXGroup;
			children = (
				45624F792916BB050086674A /* PGS_jumpAndTeleport_12980.swift */,
				45624F7D2916C8AC0086674A /* UnResolve+PGS_Hail_sequence_integral_134239.swift */,
			);
			path = LEVEL2;
			sourceTree = "<group>";
		};
		45B6A5BE290D6BBF00325D1E /* PGS */ = {
			isa = PBXGroup;
			children = (
				45624F7B2916BB210086674A /* PGS_Form.swift */,
				45B6A5BF290D6BDE00325D1E /* LEVEL1 */,
				45624F782916BA390086674A /* LEVEL2 */,
			);
			path = PGS;
			sourceTree = "<group>";
		};
		45B6A5BF290D6BDE00325D1E /* LEVEL1 */ = {
			isa = PBXGroup;
			children = (
				45B6A5C0290D6C2300325D1E /* PGS_Colatz_guess.swift */,
				45B6A5C4290E310000325D1E /* PGS_CellPhoneNumberHide.swift */,
			);
			path = LEVEL1;
			sourceTree = "<group>";
		};
		45E51D19290595AD0006154F = {
			isa = PBXGroup;
			children = (
				45E51D24290595AD0006154F /* Algorithm_Study_in_Swift */,
				45E51D23290595AD0006154F /* Products */,
			);
			sourceTree = "<group>";
		};
		45E51D23290595AD0006154F /* Products */ = {
			isa = PBXGroup;
			children = (
				45E51D22290595AD0006154F /* Algorithm_Study_in_Swift */,
			);
			name = Products;
			sourceTree = "<group>";
		};
		45E51D24290595AD0006154F /* Algorithm_Study_in_Swift */ = {
			isa = PBXGroup;
			children = (
				45E51D25290595AD0006154F /* main.swift */,
				45E51D2C2905961B0006154F /* BOJ */,
				45B6A5BE290D6BBF00325D1E /* PGS */,
			);
			path = Algorithm_Study_in_Swift;
			sourceTree = "<group>";
		};
		45E51D2C2905961B0006154F /* BOJ */ = {
			isa = PBXGroup;
			children = (
				45624F81291790880086674A /* BOJ_Form.swift */,
				45E51D2D290596290006154F /* BRONZE */,
				45E51D3029067C450006154F /* SILVER */,
			);
			path = BOJ;
			sourceTree = "<group>";
		};
		45E51D2D290596290006154F /* BRONZE */ = {
			isa = PBXGroup;
			children = (
				45624F7F291786FD0086674A /* BOJ_A+B-8_11022.swift */,
				45624F832917D2A30086674A /* BOJ_TestGrade_9498.swift */,
				45578594291CE9370082A983 /* BOJ_23795.swift */,
				454DAB6D291FA338002CC8D6 /* BOJ_1712.swift */,
				454DAB6F291FAEFD002CC8D6 /* BOJ_BeeHouse_2292.swift */,
				454DAB8D29260D94002CC8D6 /* BOJ_2869.swift */,
				454DAB9329277B62002CC8D6 /* BOJ_DiceGame_10103.swift */,
				45C0DC602927EF0800D4964F /* BOJ_collectionCount_10987.swift */,
				455F3BF929361F6F0049D6FA /* BOJ_ACM-hotel_10250.swift */,
			);
			path = BRONZE;
			sourceTree = "<group>";
		};
		45E51D3029067C450006154F /* SILVER */ = {
			isa = PBXGroup;
			children = (
				45E51D2E29067C410006154F /* BOJ_BridgeSet_1010.swift */,
				45B6A5C2290D7FDC00325D1E /* UnResolve+BOJ_잃어버린괄호_1541.swift */,
				455F3BFB293CB8FE0049D6FA /* BOJ_Stack_10828.swift */,
			);
			path = SILVER;
			sourceTree = "<group>";
		};
/* End PBXGroup section */

/* Begin PBXNativeTarget section */
		45E51D21290595AD0006154F /* Algorithm_Study_in_Swift */ = {
			isa = PBXNativeTarget;
			buildConfigurationList = 45E51D29290595AD0006154F /* Build configuration list for PBXNativeTarget "Algorithm_Study_in_Swift" */;
			buildPhases = (
				45E51D1E290595AD0006154F /* Sources */,
				45E51D1F290595AD0006154F /* Frameworks */,
				45E51D20290595AD0006154F /* CopyFiles */,
			);
			buildRules = (
			);
			dependencies = (
			);
			name = Algorithm_Study_in_Swift;
			productName = Algorithm_Study_in_Swift;
			productReference = 45E51D22290595AD0006154F /* Algorithm_Study_in_Swift */;
			productType = "com.apple.product-type.tool";
		};
/* End PBXNativeTarget section */

/* Begin PBXProject section */
		45E51D1A290595AD0006154F /* Project object */ = {
			isa = PBXProject;
			attributes = {
				BuildIndependentTargetsInParallel = 1;
				LastSwiftUpdateCheck = 1400;
				LastUpgradeCheck = 1400;
				TargetAttributes = {
					45E51D21290595AD0006154F = {
						CreatedOnToolsVersion = 14.0.1;
					};
				};
			};
			buildConfigurationList = 45E51D1D290595AD0006154F /* Build configuration list for PBXProject "Algorithm_Study_in_Swift" */;
			compatibilityVersion = "Xcode 14.0";
			developmentRegion = en;
			hasScannedForEncodings = 0;
			knownRegions = (
				en,
				Base,
			);
			mainGroup = 45E51D19290595AD0006154F;
			productRefGroup = 45E51D23290595AD0006154F /* Products */;
			projectDirPath = "";
			projectRoot = "";
			targets = (
				45E51D21290595AD0006154F /* Algorithm_Study_in_Swift */,
			);
		};
/* End PBXProject section */

/* Begin PBXSourcesBuildPhase section */
		45E51D1E290595AD0006154F /* Sources */ = {
			isa = PBXSourcesBuildPhase;
			buildActionMask = 2147483647;
			files = (
				45C0DC612927EF0800D4964F /* BOJ_collectionCount_10987.swift in Sources */,
				45624F7C2916BB210086674A /* PGS_Form.swift in Sources */,
				454DAB9429277B62002CC8D6 /* BOJ_DiceGame_10103.swift in Sources */,
				454DAB8E29260D94002CC8D6 /* BOJ_2869.swift in Sources */,
				45B6A5C3290D7FDC00325D1E /* UnResolve+BOJ_잃어버린괄호_1541.swift in Sources */,
				45578595291CE9370082A983 /* BOJ_23795.swift in Sources */,
				45B6A5C1290D6C2300325D1E /* PGS_Colatz_guess.swift in Sources */,
				455F3BFA29361F6F0049D6FA /* BOJ_ACM-hotel_10250.swift in Sources */,
				45624F7E2916C8AC0086674A /* UnResolve+PGS_Hail_sequence_integral_134239.swift in Sources */,
				45624F7A2916BB050086674A /* PGS_jumpAndTeleport_12980.swift in Sources */,
				454DAB70291FAEFD002CC8D6 /* BOJ_BeeHouse_2292.swift in Sources */,
				454DAB6E291FA338002CC8D6 /* BOJ_1712.swift in Sources */,
				45E51D2F29067C410006154F /* BOJ_BridgeSet_1010.swift in Sources */,
				455F3BFC293CB8FE0049D6FA /* BOJ_Stack_10828.swift in Sources */,
				45E51D26290595AD0006154F /* main.swift in Sources */,
				45B6A5C5290E310000325D1E /* PGS_CellPhoneNumberHide.swift in Sources */,
				45624F842917D2A30086674A /* BOJ_TestGrade_9498.swift in Sources */,
				45624F80291786FD0086674A /* BOJ_A+B-8_11022.swift in Sources */,
				45624F82291790880086674A /* BOJ_Form.swift in Sources */,
			);
			runOnlyForDeploymentPostprocessing = 0;
		};
/* End PBXSourcesBuildPhase section */

/* Begin XCBuildConfiguration section */
		45E51D27290595AD0006154F /* Debug */ = {
			isa = XCBuildConfiguration;
			buildSettings = {
				ALWAYS_SEARCH_USER_PATHS = NO;
				CLANG_ANALYZER_NONNULL = YES;
				CLANG_ANALYZER_NUMBER_OBJECT_CONVERSION = YES_AGGRESSIVE;
				CLANG_CXX_LANGUAGE_STANDARD = "gnu++20";
				CLANG_ENABLE_MODULES = YES;
				CLANG_ENABLE_OBJC_ARC = YES;
				CLANG_ENABLE_OBJC_WEAK = YES;
				CLANG_WARN_BLOCK_CAPTURE_AUTORELEASING = YES;
				CLANG_WARN_BOOL_CONVERSION = YES;
				CLANG_WARN_COMMA = YES;
				CLANG_WARN_CONSTANT_CONVERSION = YES;
				CLANG_WARN_DEPRECATED_OBJC_IMPLEMENTATIONS = YES;
				CLANG_WARN_DIRECT_OBJC_ISA_USAGE = YES_ERROR;
				CLANG_WARN_DOCUMENTATION_COMMENTS = YES;
				CLANG_WARN_EMPTY_BODY = YES;
				CLANG_WARN_ENUM_CONVERSION = YES;
				CLANG_WARN_INFINITE_RECURSION = YES;
				CLANG_WARN_INT_CONVERSION = YES;
				CLANG_WARN_NON_LITERAL_NULL_CONVERSION = YES;
				CLANG_WARN_OBJC_IMPLICIT_RETAIN_SELF = YES;
				CLANG_WARN_OBJC_LITERAL_CONVERSION = YES;
				CLANG_WARN_OBJC_ROOT_CLASS = YES_ERROR;
				CLANG_WARN_QUOTED_INCLUDE_IN_FRAMEWORK_HEADER = YES;
				CLANG_WARN_RANGE_LOOP_ANALYSIS = YES;
				CLANG_WARN_STRICT_PROTOTYPES = YES;
				CLANG_WARN_SUSPICIOUS_MOVE = YES;
				CLANG_WARN_UNGUARDED_AVAILABILITY = YES_AGGRESSIVE;
				CLANG_WARN_UNREACHABLE_CODE = YES;
				CLANG_WARN__DUPLICATE_METHOD_MATCH = YES;
				COPY_PHASE_STRIP = NO;
				DEBUG_INFORMATION_FORMAT = dwarf;
				ENABLE_STRICT_OBJC_MSGSEND = YES;
				ENABLE_TESTABILITY = YES;
				GCC_C_LANGUAGE_STANDARD = gnu11;
				GCC_DYNAMIC_NO_PIC = NO;
				GCC_NO_COMMON_BLOCKS = YES;
				GCC_OPTIMIZATION_LEVEL = 0;
				GCC_PREPROCESSOR_DEFINITIONS = (
					"DEBUG=1",
					"$(inherited)",
				);
				GCC_WARN_64_TO_32_BIT_CONVERSION = YES;
				GCC_WARN_ABOUT_RETURN_TYPE = YES_ERROR;
				GCC_WARN_UNDECLARED_SELECTOR = YES;
				GCC_WARN_UNINITIALIZED_AUTOS = YES_AGGRESSIVE;
				GCC_WARN_UNUSED_FUNCTION = YES;
				GCC_WARN_UNUSED_VARIABLE = YES;
				MACOSX_DEPLOYMENT_TARGET = 12.3;
				MTL_ENABLE_DEBUG_INFO = INCLUDE_SOURCE;
				MTL_FAST_MATH = YES;
				ONLY_ACTIVE_ARCH = YES;
				SDKROOT = macosx;
				SWIFT_ACTIVE_COMPILATION_CONDITIONS = DEBUG;
				SWIFT_OPTIMIZATION_LEVEL = "-Onone";
			};
			name = Debug;
		};
		45E51D28290595AD0006154F /* Release */ = {
			isa = XCBuildConfiguration;
			buildSettings = {
				ALWAYS_SEARCH_USER_PATHS = NO;
				CLANG_ANALYZER_NONNULL = YES;
				CLANG_ANALYZER_NUMBER_OBJECT_CONVERSION = YES_AGGRESSIVE;
				CLANG_CXX_LANGUAGE_STANDARD = "gnu++20";
				CLANG_ENABLE_MODULES = YES;
				CLANG_ENABLE_OBJC_ARC = YES;
				CLANG_ENABLE_OBJC_WEAK = YES;
				CLANG_WARN_BLOCK_CAPTURE_AUTORELEASING = YES;
				CLANG_WARN_BOOL_CONVERSION = YES;
				CLANG_WARN_COMMA = YES;
				CLANG_WARN_CONSTANT_CONVERSION = YES;
				CLANG_WARN_DEPRECATED_OBJC_IMPLEMENTATIONS = YES;
				CLANG_WARN_DIRECT_OBJC_ISA_USAGE = YES_ERROR;
				CLANG_WARN_DOCUMENTATION_COMMENTS = YES;
				CLANG_WARN_EMPTY_BODY = YES;
				CLANG_WARN_ENUM_CONVERSION = YES;
				CLANG_WARN_INFINITE_RECURSION = YES;
				CLANG_WARN_INT_CONVERSION = YES;
				CLANG_WARN_NON_LITERAL_NULL_CONVERSION = YES;
				CLANG_WARN_OBJC_IMPLICIT_RETAIN_SELF = YES;
				CLANG_WARN_OBJC_LITERAL_CONVERSION = YES;
				CLANG_WARN_OBJC_ROOT_CLASS = YES_ERROR;
				CLANG_WARN_QUOTED_INCLUDE_IN_FRAMEWORK_HEADER = YES;
				CLANG_WARN_RANGE_LOOP_ANALYSIS = YES;
				CLANG_WARN_STRICT_PROTOTYPES = YES;
				CLANG_WARN_SUSPICIOUS_MOVE = YES;
				CLANG_WARN_UNGUARDED_AVAILABILITY = YES_AGGRESSIVE;
				CLANG_WARN_UNREACHABLE_CODE = YES;
				CLANG_WARN__DUPLICATE_METHOD_MATCH = YES;
				COPY_PHASE_STRIP = NO;
				DEBUG_INFORMATION_FORMAT = "dwarf-with-dsym";
				ENABLE_NS_ASSERTIONS = NO;
				ENABLE_STRICT_OBJC_MSGSEND = YES;
				GCC_C_LANGUAGE_STANDARD = gnu11;
				GCC_NO_COMMON_BLOCKS = YES;
				GCC_WARN_64_TO_32_BIT_CONVERSION = YES;
				GCC_WARN_ABOUT_RETURN_TYPE = YES_ERROR;
				GCC_WARN_UNDECLARED_SELECTOR = YES;
				GCC_WARN_UNINITIALIZED_AUTOS = YES_AGGRESSIVE;
				GCC_WARN_UNUSED_FUNCTION = YES;
				GCC_WARN_UNUSED_VARIABLE = YES;
				MACOSX_DEPLOYMENT_TARGET = 12.3;
				MTL_ENABLE_DEBUG_INFO = NO;
				MTL_FAST_MATH = YES;
				SDKROOT = macosx;
				SWIFT_COMPILATION_MODE = wholemodule;
				SWIFT_OPTIMIZATION_LEVEL = "-O";
			};
			name = Release;
		};
		45E51D2A290595AD0006154F /* Debug */ = {
			isa = XCBuildConfiguration;
			buildSettings = {
				CODE_SIGN_STYLE = Automatic;
				DEVELOPMENT_TEAM = R86M48N8C3;
				ENABLE_HARDENED_RUNTIME = YES;
				PRODUCT_NAME = "$(TARGET_NAME)";
				SWIFT_VERSION = 5.0;
			};
			name = Debug;
		};
		45E51D2B290595AD0006154F /* Release */ = {
			isa = XCBuildConfiguration;
			buildSettings = {
				CODE_SIGN_STYLE = Automatic;
				DEVELOPMENT_TEAM = R86M48N8C3;
				ENABLE_HARDENED_RUNTIME = YES;
				PRODUCT_NAME = "$(TARGET_NAME)";
				SWIFT_VERSION = 5.0;
			};
			name = Release;
		};
/* End XCBuildConfiguration section */

/* Begin XCConfigurationList section */
		45E51D1D290595AD0006154F /* Build configuration list for PBXProject "Algorithm_Study_in_Swift" */ = {
			isa = XCConfigurationList;
			buildConfigurations = (
				45E51D27290595AD0006154F /* Debug */,
				45E51D28290595AD0006154F /* Release */,
			);
			defaultConfigurationIsVisible = 0;
			defaultConfigurationName = Release;
		};
		45E51D29290595AD0006154F /* Build configuration list for PBXNativeTarget "Algorithm_Study_in_Swift" */ = {
			isa = XCConfigurationList;
			buildConfigurations = (
				45E51D2A290595AD0006154F /* Debug */,
				45E51D2B290595AD0006154F /* Release */,
			);
			defaultConfigurationIsVisible = 0;
			defaultConfigurationName = Release;
		};
/* End XCConfigurationList section */
	};
	rootObject = 45E51D1A290595AD0006154F /* Project object */;
}
