// !$*UTF8*$!
{
	archiveVersion = 1;
	classes = {
	};
	objectVersion = 56;
	objects = {

/* Begin PBXBuildFile section */
		7E07E238292A6A7B0088C8B6 /* BOJ_1712.swift in Sources */ = {isa = PBXBuildFile; fileRef = 7E07E237292A6A7B0088C8B6 /* BOJ_1712.swift */; };
		7E0D05A229338A870073DE13 /* PGS_12982.swift in Sources */ = {isa = PBXBuildFile; fileRef = 7E0D05A129338A870073DE13 /* PGS_12982.swift */; };
		7E0D05AC293CCE740073DE13 /* BOJ_10951.swift in Sources */ = {isa = PBXBuildFile; fileRef = 7E0D05AB293CCE740073DE13 /* BOJ_10951.swift */; };
		7E0D05AE293CCED90073DE13 /* BOJ_2675.swift in Sources */ = {isa = PBXBuildFile; fileRef = 7E0D05AD293CCED90073DE13 /* BOJ_2675.swift */; };
		7E0D05B0293CD2AE0073DE13 /* BOJ_1316.swift in Sources */ = {isa = PBXBuildFile; fileRef = 7E0D05AF293CD2AE0073DE13 /* BOJ_1316.swift */; };
		7E37794529140C1C005FAAD4 /* BOJ_2439.swift in Sources */ = {isa = PBXBuildFile; fileRef = 7E37794429140C1B005FAAD4 /* BOJ_2439.swift */; };
		7E3779492917ACAB005FAAD4 /* BOJ_11022.swift in Sources */ = {isa = PBXBuildFile; fileRef = 7E3779482917ACAB005FAAD4 /* BOJ_11022.swift */; };
		7E3883F5292BE13300A93FF9 /* BOJ_2839.swift in Sources */ = {isa = PBXBuildFile; fileRef = 7E3883F4292BE13300A93FF9 /* BOJ_2839.swift */; };
		7E53996429462C9B003EC2FF /* BOJ_9498.swift in Sources */ = {isa = PBXBuildFile; fileRef = 7E53996329462C9B003EC2FF /* BOJ_9498.swift */; };
		7E6C11FB2926066E00053D1F /* BOJ_2869.swift in Sources */ = {isa = PBXBuildFile; fileRef = 7E6C11FA2926066E00053D1F /* BOJ_2869.swift */; };
		7EC122752920ED2000784DD5 /* BOJ_1330.swift in Sources */ = {isa = PBXBuildFile; fileRef = 7EC122742920ED2000784DD5 /* BOJ_1330.swift */; };
		7EC122772921015E00784DD5 /* BOJ_1004.swift in Sources */ = {isa = PBXBuildFile; fileRef = 7EC122762921015E00784DD5 /* BOJ_1004.swift */; };
		7ED934552911712A00D85156 /* main.swift in Sources */ = {isa = PBXBuildFile; fileRef = 7ED934542911712A00D85156 /* main.swift */; };
		7ED9345E2911726B00D85156 /* BOJ_2557.swift in Sources */ = {isa = PBXBuildFile; fileRef = 7ED9345D2911726B00D85156 /* BOJ_2557.swift */; };
		7ED934602911785400D85156 /* BOJ_1264.swift in Sources */ = {isa = PBXBuildFile; fileRef = 7ED9345F2911785400D85156 /* BOJ_1264.swift */; };
/* End PBXBuildFile section */

/* Begin PBXCopyFilesBuildPhase section */
		7ED9344F2911712A00D85156 /* CopyFiles */ = {
			isa = PBXCopyFilesBuildPhase;
			buildActionMask = 2147483647;
			dstPath = /usr/share/man/man1/;
			dstSubfolderSpec = 0;
			files = (
			);
			runOnlyForDeploymentPostprocessing = 1;
		};
/* End PBXCopyFilesBuildPhase section */

/* Begin PBXFileReference section */
		7E07E237292A6A7B0088C8B6 /* BOJ_1712.swift */ = {isa = PBXFileReference; lastKnownFileType = sourcecode.swift; path = BOJ_1712.swift; sourceTree = "<group>"; };
		7E0D05A129338A870073DE13 /* PGS_12982.swift */ = {isa = PBXFileReference; lastKnownFileType = sourcecode.swift; path = PGS_12982.swift; sourceTree = "<group>"; };
		7E0D05AB293CCE740073DE13 /* BOJ_10951.swift */ = {isa = PBXFileReference; lastKnownFileType = sourcecode.swift; path = BOJ_10951.swift; sourceTree = "<group>"; };
		7E0D05AD293CCED90073DE13 /* BOJ_2675.swift */ = {isa = PBXFileReference; lastKnownFileType = sourcecode.swift; path = BOJ_2675.swift; sourceTree = "<group>"; };
		7E0D05AF293CD2AE0073DE13 /* BOJ_1316.swift */ = {isa = PBXFileReference; lastKnownFileType = sourcecode.swift; path = BOJ_1316.swift; sourceTree = "<group>"; };
		7E37794429140C1B005FAAD4 /* BOJ_2439.swift */ = {isa = PBXFileReference; lastKnownFileType = sourcecode.swift; path = BOJ_2439.swift; sourceTree = "<group>"; };
		7E3779482917ACAB005FAAD4 /* BOJ_11022.swift */ = {isa = PBXFileReference; lastKnownFileType = sourcecode.swift; path = BOJ_11022.swift; sourceTree = "<group>"; };
		7E3883F4292BE13300A93FF9 /* BOJ_2839.swift */ = {isa = PBXFileReference; lastKnownFileType = sourcecode.swift; path = BOJ_2839.swift; sourceTree = "<group>"; };
		7E53996329462C9B003EC2FF /* BOJ_9498.swift */ = {isa = PBXFileReference; lastKnownFileType = sourcecode.swift; path = BOJ_9498.swift; sourceTree = "<group>"; };
		7E6C11FA2926066E00053D1F /* BOJ_2869.swift */ = {isa = PBXFileReference; lastKnownFileType = sourcecode.swift; path = BOJ_2869.swift; sourceTree = "<group>"; };
		7EC122742920ED2000784DD5 /* BOJ_1330.swift */ = {isa = PBXFileReference; lastKnownFileType = sourcecode.swift; path = BOJ_1330.swift; sourceTree = "<group>"; };
		7EC122762921015E00784DD5 /* BOJ_1004.swift */ = {isa = PBXFileReference; lastKnownFileType = sourcecode.swift; path = BOJ_1004.swift; sourceTree = "<group>"; };
		7ED934512911712A00D85156 /* AlgorithmStudy */ = {isa = PBXFileReference; explicitFileType = "compiled.mach-o.executable"; includeInIndex = 0; path = AlgorithmStudy; sourceTree = BUILT_PRODUCTS_DIR; };
		7ED934542911712A00D85156 /* main.swift */ = {isa = PBXFileReference; lastKnownFileType = sourcecode.swift; path = main.swift; sourceTree = "<group>"; };
		7ED9345D2911726B00D85156 /* BOJ_2557.swift */ = {isa = PBXFileReference; lastKnownFileType = sourcecode.swift; path = BOJ_2557.swift; sourceTree = "<group>"; };
		7ED9345F2911785400D85156 /* BOJ_1264.swift */ = {isa = PBXFileReference; lastKnownFileType = sourcecode.swift; path = BOJ_1264.swift; sourceTree = "<group>"; };
/* End PBXFileReference section */

/* Begin PBXFrameworksBuildPhase section */
		7ED9344E2911712A00D85156 /* Frameworks */ = {
			isa = PBXFrameworksBuildPhase;
			buildActionMask = 2147483647;
			files = (
			);
			runOnlyForDeploymentPostprocessing = 0;
		};
/* End PBXFrameworksBuildPhase section */

/* Begin PBXGroup section */
		7E0D05A029338A4D0073DE13 /* PGS */ = {
			isa = PBXGroup;
			children = (
				7E0D05A129338A870073DE13 /* PGS_12982.swift */,
			);
			path = PGS;
			sourceTree = "<group>";
		};
		7E6C11F9292604E700053D1F /* Silver */ = {
			isa = PBXGroup;
			children = (
				7EC122762921015E00784DD5 /* BOJ_1004.swift */,
				7E3883F4292BE13300A93FF9 /* BOJ_2839.swift */,
				7E0D05AF293CD2AE0073DE13 /* BOJ_1316.swift */,
			);
			path = Silver;
			sourceTree = "<group>";
		};
		7ED934482911712A00D85156 = {
			isa = PBXGroup;
			children = (
				7ED934532911712A00D85156 /* AlgorithmStudy */,
				7ED934522911712A00D85156 /* Products */,
			);
			sourceTree = "<group>";
		};
		7ED934522911712A00D85156 /* Products */ = {
			isa = PBXGroup;
			children = (
				7ED934512911712A00D85156 /* AlgorithmStudy */,
			);
			name = Products;
			sourceTree = "<group>";
		};
		7ED934532911712A00D85156 /* AlgorithmStudy */ = {
			isa = PBXGroup;
			children = (
				7ED934542911712A00D85156 /* main.swift */,
				7E0D05A029338A4D0073DE13 /* PGS */,
				7ED9345B291171CD00D85156 /* BOJ */,
			);
			path = AlgorithmStudy;
			sourceTree = "<group>";
		};
		7ED9345B291171CD00D85156 /* BOJ */ = {
			isa = PBXGroup;
			children = (
				7E6C11F9292604E700053D1F /* Silver */,
				7ED9345C291171F600D85156 /* Bronze */,
			);
			path = BOJ;
			sourceTree = "<group>";
		};
		7ED9345C291171F600D85156 /* Bronze */ = {
			isa = PBXGroup;
			children = (
				7ED9345D2911726B00D85156 /* BOJ_2557.swift */,
				7ED9345F2911785400D85156 /* BOJ_1264.swift */,
				7E37794429140C1B005FAAD4 /* BOJ_2439.swift */,
				7E3779482917ACAB005FAAD4 /* BOJ_11022.swift */,
				7EC122742920ED2000784DD5 /* BOJ_1330.swift */,
				7E6C11FA2926066E00053D1F /* BOJ_2869.swift */,
				7E07E237292A6A7B0088C8B6 /* BOJ_1712.swift */,
				7E0D05AB293CCE740073DE13 /* BOJ_10951.swift */,
				7E0D05AD293CCED90073DE13 /* BOJ_2675.swift */,
				7E53996329462C9B003EC2FF /* BOJ_9498.swift */,
			);
			path = Bronze;
			sourceTree = "<group>";
		};
/* End PBXGroup section */

/* Begin PBXNativeTarget section */
		7ED934502911712A00D85156 /* AlgorithmStudy */ = {
			isa = PBXNativeTarget;
			buildConfigurationList = 7ED934582911712A00D85156 /* Build configuration list for PBXNativeTarget "AlgorithmStudy" */;
			buildPhases = (
				7ED9344D2911712A00D85156 /* Sources */,
				7ED9344E2911712A00D85156 /* Frameworks */,
				7ED9344F2911712A00D85156 /* CopyFiles */,
			);
			buildRules = (
			);
			dependencies = (
			);
			name = AlgorithmStudy;
			productName = AlgorithmStudy;
			productReference = 7ED934512911712A00D85156 /* AlgorithmStudy */;
			productType = "com.apple.product-type.tool";
		};
/* End PBXNativeTarget section */

/* Begin PBXProject section */
		7ED934492911712A00D85156 /* Project object */ = {
			isa = PBXProject;
			attributes = {
				BuildIndependentTargetsInParallel = 1;
				LastSwiftUpdateCheck = 1400;
				LastUpgradeCheck = 1410;
				TargetAttributes = {
					7ED934502911712A00D85156 = {
						CreatedOnToolsVersion = 14.0.1;
					};
				};
			};
			buildConfigurationList = 7ED9344C2911712A00D85156 /* Build configuration list for PBXProject "AlgorithmStudy" */;
			compatibilityVersion = "Xcode 14.0";
			developmentRegion = en;
			hasScannedForEncodings = 0;
			knownRegions = (
				en,
				Base,
			);
			mainGroup = 7ED934482911712A00D85156;
			productRefGroup = 7ED934522911712A00D85156 /* Products */;
			projectDirPath = "";
			projectRoot = "";
			targets = (
				7ED934502911712A00D85156 /* AlgorithmStudy */,
			);
		};
/* End PBXProject section */

/* Begin PBXSourcesBuildPhase section */
		7ED9344D2911712A00D85156 /* Sources */ = {
			isa = PBXSourcesBuildPhase;
			buildActionMask = 2147483647;
			files = (
				7E53996429462C9B003EC2FF /* BOJ_9498.swift in Sources */,
				7E0D05AC293CCE740073DE13 /* BOJ_10951.swift in Sources */,
				7ED934602911785400D85156 /* BOJ_1264.swift in Sources */,
				7E37794529140C1C005FAAD4 /* BOJ_2439.swift in Sources */,
				7E3779492917ACAB005FAAD4 /* BOJ_11022.swift in Sources */,
				7ED9345E2911726B00D85156 /* BOJ_2557.swift in Sources */,
				7E6C11FB2926066E00053D1F /* BOJ_2869.swift in Sources */,
				7ED934552911712A00D85156 /* main.swift in Sources */,
				7E0D05A229338A870073DE13 /* PGS_12982.swift in Sources */,
				7EC122752920ED2000784DD5 /* BOJ_1330.swift in Sources */,
				7EC122772921015E00784DD5 /* BOJ_1004.swift in Sources */,
				7E0D05AE293CCED90073DE13 /* BOJ_2675.swift in Sources */,
				7E07E238292A6A7B0088C8B6 /* BOJ_1712.swift in Sources */,
				7E0D05B0293CD2AE0073DE13 /* BOJ_1316.swift in Sources */,
				7E3883F5292BE13300A93FF9 /* BOJ_2839.swift in Sources */,
			);
			runOnlyForDeploymentPostprocessing = 0;
		};
/* End PBXSourcesBuildPhase section */

/* Begin XCBuildConfiguration section */
		7ED934562911712A00D85156 /* Debug */ = {
			isa = XCBuildConfiguration;
			buildSettings = {
				ALWAYS_SEARCH_USER_PATHS = NO;
				CLANG_ANALYZER_NONNULL = YES;
				CLANG_ANALYZER_NUMBER_OBJECT_CONVERSION = YES_AGGRESSIVE;
				CLANG_CXX_LANGUAGE_STANDARD = "gnu++20";
				CLANG_ENABLE_MODULES = YES;
				CLANG_ENABLE_OBJC_ARC = YES;
				CLANG_ENABLE_OBJC_WEAK = YES;
				CLANG_WARN_BLOCK_CAPTURE_AUTORELEASING = YES;
				CLANG_WARN_BOOL_CONVERSION = YES;
				CLANG_WARN_COMMA = YES;
				CLANG_WARN_CONSTANT_CONVERSION = YES;
				CLANG_WARN_DEPRECATED_OBJC_IMPLEMENTATIONS = YES;
				CLANG_WARN_DIRECT_OBJC_ISA_USAGE = YES_ERROR;
				CLANG_WARN_DOCUMENTATION_COMMENTS = YES;
				CLANG_WARN_EMPTY_BODY = YES;
				CLANG_WARN_ENUM_CONVERSION = YES;
				CLANG_WARN_INFINITE_RECURSION = YES;
				CLANG_WARN_INT_CONVERSION = YES;
				CLANG_WARN_NON_LITERAL_NULL_CONVERSION = YES;
				CLANG_WARN_OBJC_IMPLICIT_RETAIN_SELF = YES;
				CLANG_WARN_OBJC_LITERAL_CONVERSION = YES;
				CLANG_WARN_OBJC_ROOT_CLASS = YES_ERROR;
				CLANG_WARN_QUOTED_INCLUDE_IN_FRAMEWORK_HEADER = YES;
				CLANG_WARN_RANGE_LOOP_ANALYSIS = YES;
				CLANG_WARN_STRICT_PROTOTYPES = YES;
				CLANG_WARN_SUSPICIOUS_MOVE = YES;
				CLANG_WARN_UNGUARDED_AVAILABILITY = YES_AGGRESSIVE;
				CLANG_WARN_UNREACHABLE_CODE = YES;
				CLANG_WARN__DUPLICATE_METHOD_MATCH = YES;
				COPY_PHASE_STRIP = NO;
				DEAD_CODE_STRIPPING = YES;
				DEBUG_INFORMATION_FORMAT = dwarf;
				ENABLE_STRICT_OBJC_MSGSEND = YES;
				ENABLE_TESTABILITY = YES;
				GCC_C_LANGUAGE_STANDARD = gnu11;
				GCC_DYNAMIC_NO_PIC = NO;
				GCC_NO_COMMON_BLOCKS = YES;
				GCC_OPTIMIZATION_LEVEL = 0;
				GCC_PREPROCESSOR_DEFINITIONS = (
					"DEBUG=1",
					"$(inherited)",
				);
				GCC_WARN_64_TO_32_BIT_CONVERSION = YES;
				GCC_WARN_ABOUT_RETURN_TYPE = YES_ERROR;
				GCC_WARN_UNDECLARED_SELECTOR = YES;
				GCC_WARN_UNINITIALIZED_AUTOS = YES_AGGRESSIVE;
				GCC_WARN_UNUSED_FUNCTION = YES;
				GCC_WARN_UNUSED_VARIABLE = YES;
				MACOSX_DEPLOYMENT_TARGET = 12.3;
				MTL_ENABLE_DEBUG_INFO = INCLUDE_SOURCE;
				MTL_FAST_MATH = YES;
				ONLY_ACTIVE_ARCH = YES;
				SDKROOT = macosx;
				SWIFT_ACTIVE_COMPILATION_CONDITIONS = DEBUG;
				SWIFT_OPTIMIZATION_LEVEL = "-Onone";
			};
			name = Debug;
		};
		7ED934572911712A00D85156 /* Release */ = {
			isa = XCBuildConfiguration;
			buildSettings = {
				ALWAYS_SEARCH_USER_PATHS = NO;
				CLANG_ANALYZER_NONNULL = YES;
				CLANG_ANALYZER_NUMBER_OBJECT_CONVERSION = YES_AGGRESSIVE;
				CLANG_CXX_LANGUAGE_STANDARD = "gnu++20";
				CLANG_ENABLE_MODULES = YES;
				CLANG_ENABLE_OBJC_ARC = YES;
				CLANG_ENABLE_OBJC_WEAK = YES;
				CLANG_WARN_BLOCK_CAPTURE_AUTORELEASING = YES;
				CLANG_WARN_BOOL_CONVERSION = YES;
				CLANG_WARN_COMMA = YES;
				CLANG_WARN_CONSTANT_CONVERSION = YES;
				CLANG_WARN_DEPRECATED_OBJC_IMPLEMENTATIONS = YES;
				CLANG_WARN_DIRECT_OBJC_ISA_USAGE = YES_ERROR;
				CLANG_WARN_DOCUMENTATION_COMMENTS = YES;
				CLANG_WARN_EMPTY_BODY = YES;
				CLANG_WARN_ENUM_CONVERSION = YES;
				CLANG_WARN_INFINITE_RECURSION = YES;
				CLANG_WARN_INT_CONVERSION = YES;
				CLANG_WARN_NON_LITERAL_NULL_CONVERSION = YES;
				CLANG_WARN_OBJC_IMPLICIT_RETAIN_SELF = YES;
				CLANG_WARN_OBJC_LITERAL_CONVERSION = YES;
				CLANG_WARN_OBJC_ROOT_CLASS = YES_ERROR;
				CLANG_WARN_QUOTED_INCLUDE_IN_FRAMEWORK_HEADER = YES;
				CLANG_WARN_RANGE_LOOP_ANALYSIS = YES;
				CLANG_WARN_STRICT_PROTOTYPES = YES;
				CLANG_WARN_SUSPICIOUS_MOVE = YES;
				CLANG_WARN_UNGUARDED_AVAILABILITY = YES_AGGRESSIVE;
				CLANG_WARN_UNREACHABLE_CODE = YES;
				CLANG_WARN__DUPLICATE_METHOD_MATCH = YES;
				COPY_PHASE_STRIP = NO;
				DEAD_CODE_STRIPPING = YES;
				DEBUG_INFORMATION_FORMAT = "dwarf-with-dsym";
				ENABLE_NS_ASSERTIONS = NO;
				ENABLE_STRICT_OBJC_MSGSEND = YES;
				GCC_C_LANGUAGE_STANDARD = gnu11;
				GCC_NO_COMMON_BLOCKS = YES;
				GCC_WARN_64_TO_32_BIT_CONVERSION = YES;
				GCC_WARN_ABOUT_RETURN_TYPE = YES_ERROR;
				GCC_WARN_UNDECLARED_SELECTOR = YES;
				GCC_WARN_UNINITIALIZED_AUTOS = YES_AGGRESSIVE;
				GCC_WARN_UNUSED_FUNCTION = YES;
				GCC_WARN_UNUSED_VARIABLE = YES;
				MACOSX_DEPLOYMENT_TARGET = 12.3;
				MTL_ENABLE_DEBUG_INFO = NO;
				MTL_FAST_MATH = YES;
				SDKROOT = macosx;
				SWIFT_COMPILATION_MODE = wholemodule;
				SWIFT_OPTIMIZATION_LEVEL = "-O";
			};
			name = Release;
		};
		7ED934592911712A00D85156 /* Debug */ = {
			isa = XCBuildConfiguration;
			buildSettings = {
				CODE_SIGN_IDENTITY = "-";
				CODE_SIGN_STYLE = Automatic;
				DEAD_CODE_STRIPPING = YES;
				PRODUCT_NAME = "$(TARGET_NAME)";
				SWIFT_VERSION = 5.0;
			};
			name = Debug;
		};
		7ED9345A2911712A00D85156 /* Release */ = {
			isa = XCBuildConfiguration;
			buildSettings = {
				CODE_SIGN_IDENTITY = "-";
				CODE_SIGN_STYLE = Automatic;
				DEAD_CODE_STRIPPING = YES;
				PRODUCT_NAME = "$(TARGET_NAME)";
				SWIFT_VERSION = 5.0;
			};
			name = Release;
		};
/* End XCBuildConfiguration section */

/* Begin XCConfigurationList section */
		7ED9344C2911712A00D85156 /* Build configuration list for PBXProject "AlgorithmStudy" */ = {
			isa = XCConfigurationList;
			buildConfigurations = (
				7ED934562911712A00D85156 /* Debug */,
				7ED934572911712A00D85156 /* Release */,
			);
			defaultConfigurationIsVisible = 0;
			defaultConfigurationName = Release;
		};
		7ED934582911712A00D85156 /* Build configuration list for PBXNativeTarget "AlgorithmStudy" */ = {
			isa = XCConfigurationList;
			buildConfigurations = (
				7ED934592911712A00D85156 /* Debug */,
				7ED9345A2911712A00D85156 /* Release */,
			);
			defaultConfigurationIsVisible = 0;
			defaultConfigurationName = Release;
		};
/* End XCConfigurationList section */
	};
	rootObject = 7ED934492911712A00D85156 /* Project object */;
}
