// !$*UTF8*$!
{
	archiveVersion = 1;
	classes = {
	};
	objectVersion = 56;
	objects = {

/* Begin PBXBuildFile section */
		8F0314302920C3D400BD8004 /* answer_BOJ_25083.swift in Sources */ = {isa = PBXBuildFile; fileRef = 8F03142F2920C3D400BD8004 /* answer_BOJ_25083.swift */; };
		8F0314322920C4F300BD8004 /* answer_BOJ_8393.swift in Sources */ = {isa = PBXBuildFile; fileRef = 8F0314312920C4F300BD8004 /* answer_BOJ_8393.swift */; };
		8F1EEB992912430200A5C909 /* answer_BOJ_14681.swift in Sources */ = {isa = PBXBuildFile; fileRef = 8F1EEB982912430200A5C909 /* answer_BOJ_14681.swift */; };
		8F1EEB9B291243A100A5C909 /* answer_BOJ_9498.swift in Sources */ = {isa = PBXBuildFile; fileRef = 8F1EEB9A291243A100A5C909 /* answer_BOJ_9498.swift */; };
		8F450882294F4D1D00538AE4 /* anser_BOJ_3003.swift in Sources */ = {isa = PBXBuildFile; fileRef = 8F450881294F4D1D00538AE4 /* anser_BOJ_3003.swift */; };
		8F450884294F4DDB00538AE4 /* answer_BOJ_5597() .swift in Sources */ = {isa = PBXBuildFile; fileRef = 8F450883294F4DDB00538AE4 /* answer_BOJ_5597() .swift */; };
		8F450886294F4E6E00538AE4 /* BOJ_1284.swift in Sources */ = {isa = PBXBuildFile; fileRef = 8F450885294F4E6E00538AE4 /* BOJ_1284.swift */; };
		8F8DBF8429311205002E6ABF /* BOJ10807.swift in Sources */ = {isa = PBXBuildFile; fileRef = 8F8DBF8329311205002E6ABF /* BOJ10807.swift */; };
		8F8DBF86293113B0002E6ABF /* answer_BOJ_18108.swift in Sources */ = {isa = PBXBuildFile; fileRef = 8F8DBF85293113B0002E6ABF /* answer_BOJ_18108.swift */; };
		8F8DBF8829311433002E6ABF /* answer_BOJ_11022.swift in Sources */ = {isa = PBXBuildFile; fileRef = 8F8DBF8729311433002E6ABF /* answer_BOJ_11022.swift */; };
		8F8DBF8C2939E829002E6ABF /* answer_BOJ_10818.swift in Sources */ = {isa = PBXBuildFile; fileRef = 8F8DBF8B2939E829002E6ABF /* answer_BOJ_10818.swift */; };
		8F8DBF8E2939F2C4002E6ABF /* answer_BOJ_2562.swift in Sources */ = {isa = PBXBuildFile; fileRef = 8F8DBF8D2939F2C4002E6ABF /* answer_BOJ_2562.swift */; };
		8F8DBF92293A3D84002E6ABF /* BOJ_1100.swift in Sources */ = {isa = PBXBuildFile; fileRef = 8F8DBF91293A3D84002E6ABF /* BOJ_1100.swift */; };
		8FCD99CA292A4E77002A7FFE /* answer_BOJ_2439.swift in Sources */ = {isa = PBXBuildFile; fileRef = 8FCD99C9292A4E77002A7FFE /* answer_BOJ_2439.swift */; };
		8FCD99CC292A4F99002A7FFE /* answer_BOJ_10952.swift in Sources */ = {isa = PBXBuildFile; fileRef = 8FCD99CB292A4F99002A7FFE /* answer_BOJ_10952.swift */; };
		8FF36A2F290632200049B133 /* main.swift in Sources */ = {isa = PBXBuildFile; fileRef = 8FF36A2E290632200049B133 /* main.swift */; };
/* End PBXBuildFile section */

/* Begin PBXCopyFilesBuildPhase section */
		8FF36A29290632200049B133 /* CopyFiles */ = {
			isa = PBXCopyFilesBuildPhase;
			buildActionMask = 2147483647;
			dstPath = /usr/share/man/man1/;
			dstSubfolderSpec = 0;
			files = (
			);
			runOnlyForDeploymentPostprocessing = 1;
		};
/* End PBXCopyFilesBuildPhase section */

/* Begin PBXFileReference section */
		8F03142F2920C3D400BD8004 /* answer_BOJ_25083.swift */ = {isa = PBXFileReference; lastKnownFileType = sourcecode.swift; path = answer_BOJ_25083.swift; sourceTree = "<group>"; };
		8F0314312920C4F300BD8004 /* answer_BOJ_8393.swift */ = {isa = PBXFileReference; lastKnownFileType = sourcecode.swift; path = answer_BOJ_8393.swift; sourceTree = "<group>"; };
		8F1EEB982912430200A5C909 /* answer_BOJ_14681.swift */ = {isa = PBXFileReference; lastKnownFileType = sourcecode.swift; path = answer_BOJ_14681.swift; sourceTree = "<group>"; };
		8F1EEB9A291243A100A5C909 /* answer_BOJ_9498.swift */ = {isa = PBXFileReference; lastKnownFileType = sourcecode.swift; path = answer_BOJ_9498.swift; sourceTree = "<group>"; };
		8F450881294F4D1D00538AE4 /* anser_BOJ_3003.swift */ = {isa = PBXFileReference; lastKnownFileType = sourcecode.swift; path = anser_BOJ_3003.swift; sourceTree = "<group>"; };
		8F450883294F4DDB00538AE4 /* answer_BOJ_5597() .swift */ = {isa = PBXFileReference; lastKnownFileType = sourcecode.swift; path = "answer_BOJ_5597() .swift"; sourceTree = "<group>"; };
		8F450885294F4E6E00538AE4 /* BOJ_1284.swift */ = {isa = PBXFileReference; lastKnownFileType = sourcecode.swift; path = BOJ_1284.swift; sourceTree = "<group>"; };
		8F8DBF8329311205002E6ABF /* BOJ10807.swift */ = {isa = PBXFileReference; lastKnownFileType = sourcecode.swift; path = BOJ10807.swift; sourceTree = "<group>"; };
		8F8DBF85293113B0002E6ABF /* answer_BOJ_18108.swift */ = {isa = PBXFileReference; lastKnownFileType = sourcecode.swift; path = answer_BOJ_18108.swift; sourceTree = "<group>"; };
		8F8DBF8729311433002E6ABF /* answer_BOJ_11022.swift */ = {isa = PBXFileReference; lastKnownFileType = sourcecode.swift; path = answer_BOJ_11022.swift; sourceTree = "<group>"; };
		8F8DBF8B2939E829002E6ABF /* answer_BOJ_10818.swift */ = {isa = PBXFileReference; lastKnownFileType = sourcecode.swift; path = answer_BOJ_10818.swift; sourceTree = "<group>"; };
		8F8DBF8D2939F2C4002E6ABF /* answer_BOJ_2562.swift */ = {isa = PBXFileReference; lastKnownFileType = sourcecode.swift; path = answer_BOJ_2562.swift; sourceTree = "<group>"; };
		8F8DBF91293A3D84002E6ABF /* BOJ_1100.swift */ = {isa = PBXFileReference; lastKnownFileType = sourcecode.swift; path = BOJ_1100.swift; sourceTree = "<group>"; };
		8FCD99C9292A4E77002A7FFE /* answer_BOJ_2439.swift */ = {isa = PBXFileReference; lastKnownFileType = sourcecode.swift; path = answer_BOJ_2439.swift; sourceTree = "<group>"; };
		8FCD99CB292A4F99002A7FFE /* answer_BOJ_10952.swift */ = {isa = PBXFileReference; lastKnownFileType = sourcecode.swift; path = answer_BOJ_10952.swift; sourceTree = "<group>"; };
		8FF36A2B290632200049B133 /* main */ = {isa = PBXFileReference; explicitFileType = "compiled.mach-o.executable"; includeInIndex = 0; path = main; sourceTree = BUILT_PRODUCTS_DIR; };
		8FF36A2E290632200049B133 /* main.swift */ = {isa = PBXFileReference; lastKnownFileType = sourcecode.swift; path = main.swift; sourceTree = "<group>"; };
/* End PBXFileReference section */

/* Begin PBXFrameworksBuildPhase section */
		8FF36A28290632200049B133 /* Frameworks */ = {
			isa = PBXFrameworksBuildPhase;
			buildActionMask = 2147483647;
			files = (
			);
			runOnlyForDeploymentPostprocessing = 0;
		};
/* End PBXFrameworksBuildPhase section */

/* Begin PBXGroup section */
		8F0314352920C75100BD8004 /* 티어전 */ = {
			isa = PBXGroup;
			children = (
				8F8DBF8329311205002E6ABF /* BOJ10807.swift */,
				8F8DBF91293A3D84002E6ABF /* BOJ_1100.swift */,
				8F450885294F4E6E00538AE4 /* BOJ_1284.swift */,
			);
			name = "티어전";
			path = "티어전";
			sourceTree = "<group>";
		};
		8FF36A22290632200049B133 = {
			isa = PBXGroup;
			children = (
				8FF36A2D290632200049B133 /* main */,
				8FF36A2C290632200049B133 /* Products */,
			);
			sourceTree = "<group>";
		};
		8FF36A2C290632200049B133 /* Products */ = {
			isa = PBXGroup;
			children = (
				8FF36A2B290632200049B133 /* main */,
			);
			name = Products;
			sourceTree = "<group>";
		};
		8FF36A2D290632200049B133 /* main */ = {
			isa = PBXGroup;
			children = (
				8FF36A2E290632200049B133 /* main.swift */,
				8FF36A39290634110049B133 /* BOJ_Bronze */,
				8F0314352920C75100BD8004 /* 티어전 */,
			);
			path = main;
			sourceTree = "<group>";
		};
		8FF36A39290634110049B133 /* BOJ_Bronze */ = {
			isa = PBXGroup;
			children = (
				8FCD99CB292A4F99002A7FFE /* answer_BOJ_10952.swift */,
				8F1EEB982912430200A5C909 /* answer_BOJ_14681.swift */,
				8F1EEB9A291243A100A5C909 /* answer_BOJ_9498.swift */,
				8F03142F2920C3D400BD8004 /* answer_BOJ_25083.swift */,
				8F450883294F4DDB00538AE4 /* answer_BOJ_5597() .swift */,
				8F0314312920C4F300BD8004 /* answer_BOJ_8393.swift */,
				8FCD99C9292A4E77002A7FFE /* answer_BOJ_2439.swift */,
				8F8DBF85293113B0002E6ABF /* answer_BOJ_18108.swift */,
				8F8DBF8729311433002E6ABF /* answer_BOJ_11022.swift */,
				8F8DBF8D2939F2C4002E6ABF /* answer_BOJ_2562.swift */,
				8F8DBF8B2939E829002E6ABF /* answer_BOJ_10818.swift */,
				8F450881294F4D1D00538AE4 /* anser_BOJ_3003.swift */,
			);
			path = BOJ_Bronze;
			sourceTree = "<group>";
		};
/* End PBXGroup section */

/* Begin PBXNativeTarget section */
		8FF36A2A290632200049B133 /* main */ = {
			isa = PBXNativeTarget;
			buildConfigurationList = 8FF36A32290632200049B133 /* Build configuration list for PBXNativeTarget "main" */;
			buildPhases = (
				8FF36A27290632200049B133 /* Sources */,
				8FF36A28290632200049B133 /* Frameworks */,
				8FF36A29290632200049B133 /* CopyFiles */,
			);
			buildRules = (
			);
			dependencies = (
			);
			name = main;
			productName = main;
			productReference = 8FF36A2B290632200049B133 /* main */;
			productType = "com.apple.product-type.tool";
		};
/* End PBXNativeTarget section */

/* Begin PBXProject section */
		8FF36A23290632200049B133 /* Project object */ = {
			isa = PBXProject;
			attributes = {
				BuildIndependentTargetsInParallel = 1;
				LastSwiftUpdateCheck = 1400;
				LastUpgradeCheck = 1400;
				TargetAttributes = {
					8FF36A2A290632200049B133 = {
						CreatedOnToolsVersion = 14.0;
					};
				};
			};
			buildConfigurationList = 8FF36A26290632200049B133 /* Build configuration list for PBXProject "AlogrithmsStudy-unchain" */;
			compatibilityVersion = "Xcode 14.0";
			developmentRegion = en;
			hasScannedForEncodings = 0;
			knownRegions = (
				en,
				Base,
			);
			mainGroup = 8FF36A22290632200049B133;
			productRefGroup = 8FF36A2C290632200049B133 /* Products */;
			projectDirPath = "";
			projectRoot = "";
			targets = (
				8FF36A2A290632200049B133 /* main */,
			);
		};
/* End PBXProject section */

/* Begin PBXSourcesBuildPhase section */
		8FF36A27290632200049B133 /* Sources */ = {
			isa = PBXSourcesBuildPhase;
			buildActionMask = 2147483647;
			files = (
				8F0314322920C4F300BD8004 /* answer_BOJ_8393.swift in Sources */,
				8F8DBF8C2939E829002E6ABF /* answer_BOJ_10818.swift in Sources */,
				8F450886294F4E6E00538AE4 /* BOJ_1284.swift in Sources */,
				8F450882294F4D1D00538AE4 /* anser_BOJ_3003.swift in Sources */,
				8F1EEB992912430200A5C909 /* answer_BOJ_14681.swift in Sources */,
				8F8DBF8829311433002E6ABF /* answer_BOJ_11022.swift in Sources */,
				8F1EEB9B291243A100A5C909 /* answer_BOJ_9498.swift in Sources */,
				8FF36A2F290632200049B133 /* main.swift in Sources */,
				8F8DBF92293A3D84002E6ABF /* BOJ_1100.swift in Sources */,
				8F8DBF8E2939F2C4002E6ABF /* answer_BOJ_2562.swift in Sources */,
				8F450884294F4DDB00538AE4 /* answer_BOJ_5597() .swift in Sources */,
				8FCD99CA292A4E77002A7FFE /* answer_BOJ_2439.swift in Sources */,
				8F8DBF8429311205002E6ABF /* BOJ10807.swift in Sources */,
				8FCD99CC292A4F99002A7FFE /* answer_BOJ_10952.swift in Sources */,
				8F8DBF86293113B0002E6ABF /* answer_BOJ_18108.swift in Sources */,
				8F0314302920C3D400BD8004 /* answer_BOJ_25083.swift in Sources */,
			);
			runOnlyForDeploymentPostprocessing = 0;
		};
/* End PBXSourcesBuildPhase section */

/* Begin XCBuildConfiguration section */
		8FF36A30290632200049B133 /* Debug */ = {
			isa = XCBuildConfiguration;
			buildSettings = {
				ALWAYS_SEARCH_USER_PATHS = NO;
				CLANG_ANALYZER_NONNULL = YES;
				CLANG_ANALYZER_NUMBER_OBJECT_CONVERSION = YES_AGGRESSIVE;
				CLANG_CXX_LANGUAGE_STANDARD = "gnu++20";
				CLANG_ENABLE_MODULES = YES;
				CLANG_ENABLE_OBJC_ARC = YES;
				CLANG_ENABLE_OBJC_WEAK = YES;
				CLANG_WARN_BLOCK_CAPTURE_AUTORELEASING = YES;
				CLANG_WARN_BOOL_CONVERSION = YES;
				CLANG_WARN_COMMA = YES;
				CLANG_WARN_CONSTANT_CONVERSION = YES;
				CLANG_WARN_DEPRECATED_OBJC_IMPLEMENTATIONS = YES;
				CLANG_WARN_DIRECT_OBJC_ISA_USAGE = YES_ERROR;
				CLANG_WARN_DOCUMENTATION_COMMENTS = YES;
				CLANG_WARN_EMPTY_BODY = YES;
				CLANG_WARN_ENUM_CONVERSION = YES;
				CLANG_WARN_INFINITE_RECURSION = YES;
				CLANG_WARN_INT_CONVERSION = YES;
				CLANG_WARN_NON_LITERAL_NULL_CONVERSION = YES;
				CLANG_WARN_OBJC_IMPLICIT_RETAIN_SELF = YES;
				CLANG_WARN_OBJC_LITERAL_CONVERSION = YES;
				CLANG_WARN_OBJC_ROOT_CLASS = YES_ERROR;
				CLANG_WARN_QUOTED_INCLUDE_IN_FRAMEWORK_HEADER = YES;
				CLANG_WARN_RANGE_LOOP_ANALYSIS = YES;
				CLANG_WARN_STRICT_PROTOTYPES = YES;
				CLANG_WARN_SUSPICIOUS_MOVE = YES;
				CLANG_WARN_UNGUARDED_AVAILABILITY = YES_AGGRESSIVE;
				CLANG_WARN_UNREACHABLE_CODE = YES;
				CLANG_WARN__DUPLICATE_METHOD_MATCH = YES;
				COPY_PHASE_STRIP = NO;
				DEBUG_INFORMATION_FORMAT = dwarf;
				ENABLE_STRICT_OBJC_MSGSEND = YES;
				ENABLE_TESTABILITY = YES;
				GCC_C_LANGUAGE_STANDARD = gnu11;
				GCC_DYNAMIC_NO_PIC = NO;
				GCC_NO_COMMON_BLOCKS = YES;
				GCC_OPTIMIZATION_LEVEL = 0;
				GCC_PREPROCESSOR_DEFINITIONS = (
					"DEBUG=1",
					"$(inherited)",
				);
				GCC_WARN_64_TO_32_BIT_CONVERSION = YES;
				GCC_WARN_ABOUT_RETURN_TYPE = YES_ERROR;
				GCC_WARN_UNDECLARED_SELECTOR = YES;
				GCC_WARN_UNINITIALIZED_AUTOS = YES_AGGRESSIVE;
				GCC_WARN_UNUSED_FUNCTION = YES;
				GCC_WARN_UNUSED_VARIABLE = YES;
				MACOSX_DEPLOYMENT_TARGET = 12.3;
				MTL_ENABLE_DEBUG_INFO = INCLUDE_SOURCE;
				MTL_FAST_MATH = YES;
				ONLY_ACTIVE_ARCH = YES;
				SDKROOT = macosx;
				SWIFT_ACTIVE_COMPILATION_CONDITIONS = DEBUG;
				SWIFT_OPTIMIZATION_LEVEL = "-Onone";
			};
			name = Debug;
		};
		8FF36A31290632200049B133 /* Release */ = {
			isa = XCBuildConfiguration;
			buildSettings = {
				ALWAYS_SEARCH_USER_PATHS = NO;
				CLANG_ANALYZER_NONNULL = YES;
				CLANG_ANALYZER_NUMBER_OBJECT_CONVERSION = YES_AGGRESSIVE;
				CLANG_CXX_LANGUAGE_STANDARD = "gnu++20";
				CLANG_ENABLE_MODULES = YES;
				CLANG_ENABLE_OBJC_ARC = YES;
				CLANG_ENABLE_OBJC_WEAK = YES;
				CLANG_WARN_BLOCK_CAPTURE_AUTORELEASING = YES;
				CLANG_WARN_BOOL_CONVERSION = YES;
				CLANG_WARN_COMMA = YES;
				CLANG_WARN_CONSTANT_CONVERSION = YES;
				CLANG_WARN_DEPRECATED_OBJC_IMPLEMENTATIONS = YES;
				CLANG_WARN_DIRECT_OBJC_ISA_USAGE = YES_ERROR;
				CLANG_WARN_DOCUMENTATION_COMMENTS = YES;
				CLANG_WARN_EMPTY_BODY = YES;
				CLANG_WARN_ENUM_CONVERSION = YES;
				CLANG_WARN_INFINITE_RECURSION = YES;
				CLANG_WARN_INT_CONVERSION = YES;
				CLANG_WARN_NON_LITERAL_NULL_CONVERSION = YES;
				CLANG_WARN_OBJC_IMPLICIT_RETAIN_SELF = YES;
				CLANG_WARN_OBJC_LITERAL_CONVERSION = YES;
				CLANG_WARN_OBJC_ROOT_CLASS = YES_ERROR;
				CLANG_WARN_QUOTED_INCLUDE_IN_FRAMEWORK_HEADER = YES;
				CLANG_WARN_RANGE_LOOP_ANALYSIS = YES;
				CLANG_WARN_STRICT_PROTOTYPES = YES;
				CLANG_WARN_SUSPICIOUS_MOVE = YES;
				CLANG_WARN_UNGUARDED_AVAILABILITY = YES_AGGRESSIVE;
				CLANG_WARN_UNREACHABLE_CODE = YES;
				CLANG_WARN__DUPLICATE_METHOD_MATCH = YES;
				COPY_PHASE_STRIP = NO;
				DEBUG_INFORMATION_FORMAT = "dwarf-with-dsym";
				ENABLE_NS_ASSERTIONS = NO;
				ENABLE_STRICT_OBJC_MSGSEND = YES;
				GCC_C_LANGUAGE_STANDARD = gnu11;
				GCC_NO_COMMON_BLOCKS = YES;
				GCC_WARN_64_TO_32_BIT_CONVERSION = YES;
				GCC_WARN_ABOUT_RETURN_TYPE = YES_ERROR;
				GCC_WARN_UNDECLARED_SELECTOR = YES;
				GCC_WARN_UNINITIALIZED_AUTOS = YES_AGGRESSIVE;
				GCC_WARN_UNUSED_FUNCTION = YES;
				GCC_WARN_UNUSED_VARIABLE = YES;
				MACOSX_DEPLOYMENT_TARGET = 12.3;
				MTL_ENABLE_DEBUG_INFO = NO;
				MTL_FAST_MATH = YES;
				SDKROOT = macosx;
				SWIFT_COMPILATION_MODE = wholemodule;
				SWIFT_OPTIMIZATION_LEVEL = "-O";
			};
			name = Release;
		};
		8FF36A33290632200049B133 /* Debug */ = {
			isa = XCBuildConfiguration;
			buildSettings = {
				CODE_SIGN_STYLE = Automatic;
				DEVELOPMENT_TEAM = QW8FL6CWBT;
				ENABLE_HARDENED_RUNTIME = YES;
				PRODUCT_NAME = "$(TARGET_NAME)";
				SWIFT_VERSION = 5.0;
			};
			name = Debug;
		};
		8FF36A34290632200049B133 /* Release */ = {
			isa = XCBuildConfiguration;
			buildSettings = {
				CODE_SIGN_STYLE = Automatic;
				DEVELOPMENT_TEAM = QW8FL6CWBT;
				ENABLE_HARDENED_RUNTIME = YES;
				PRODUCT_NAME = "$(TARGET_NAME)";
				SWIFT_VERSION = 5.0;
			};
			name = Release;
		};
/* End XCBuildConfiguration section */

/* Begin XCConfigurationList section */
		8FF36A26290632200049B133 /* Build configuration list for PBXProject "AlogrithmsStudy-unchain" */ = {
			isa = XCConfigurationList;
			buildConfigurations = (
				8FF36A30290632200049B133 /* Debug */,
				8FF36A31290632200049B133 /* Release */,
			);
			defaultConfigurationIsVisible = 0;
			defaultConfigurationName = Release;
		};
		8FF36A32290632200049B133 /* Build configuration list for PBXNativeTarget "main" */ = {
			isa = XCConfigurationList;
			buildConfigurations = (
				8FF36A33290632200049B133 /* Debug */,
				8FF36A34290632200049B133 /* Release */,
			);
			defaultConfigurationIsVisible = 0;
			defaultConfigurationName = Release;
		};
/* End XCConfigurationList section */
	};
	rootObject = 8FF36A23290632200049B133 /* Project object */;
}
