// !$*UTF8*$!
{
	archiveVersion = 1;
	classes = {
	};
	objectVersion = 55;
	objects = {

/* Begin PBXBuildFile section */
		2000FEA92945CCC20066931D /* PGS_12926.swift in Sources */ = {isa = PBXBuildFile; fileRef = 2000FEA82945CCC20066931D /* PGS_12926.swift */; };
		202EE68C2961B1C5003A504C /* PGS_120820.swift in Sources */ = {isa = PBXBuildFile; fileRef = 202EE68B2961B1C5003A504C /* PGS_120820.swift */; };
		2031199B2956E3B0003C72DD /* PGS_120921.swift in Sources */ = {isa = PBXBuildFile; fileRef = 2031199A2956E3B0003C72DD /* PGS_120921.swift */; };
		2031199D29572830003C72DD /* PGS_120880.swift in Sources */ = {isa = PBXBuildFile; fileRef = 2031199C29572830003C72DD /* PGS_120880.swift */; };
		2031199F2957344C003C72DD /* PGS_120868.swift in Sources */ = {isa = PBXBuildFile; fileRef = 2031199E2957344C003C72DD /* PGS_120868.swift */; };
		2033055A292F60940019D19F /* PGS_120924.swift in Sources */ = {isa = PBXBuildFile; fileRef = 20330559292F60940019D19F /* PGS_120924.swift */; };
		2033055C292F69360019D19F /* BOJ_17210.swift in Sources */ = {isa = PBXBuildFile; fileRef = 2033055B292F69360019D19F /* BOJ_17210.swift */; };
		2047D756291B74CB00E3A715 /* PSG_120884.swift in Sources */ = {isa = PBXBuildFile; fileRef = 2047D755291B74CB00E3A715 /* PSG_120884.swift */; };
		2047D758291B770500E3A715 /* PGS_12950.swift in Sources */ = {isa = PBXBuildFile; fileRef = 2047D757291B770500E3A715 /* PGS_12950.swift */; };
		2074804B29374A1C00644AEF /* BOJ_4504.swift in Sources */ = {isa = PBXBuildFile; fileRef = 2074804A29374A1C00644AEF /* BOJ_4504.swift */; };
		2074804D2937519B00644AEF /* BOJ_9243.swift in Sources */ = {isa = PBXBuildFile; fileRef = 2074804C2937519B00644AEF /* BOJ_9243.swift */; };
		2074804F29375F9100644AEF /* BOJ_7489.swift in Sources */ = {isa = PBXBuildFile; fileRef = 2074804E29375F9100644AEF /* BOJ_7489.swift */; };
		207480512937627F00644AEF /* BOJ_2553.swift in Sources */ = {isa = PBXBuildFile; fileRef = 207480502937627F00644AEF /* BOJ_2553.swift */; };
		207CF715290BC3F7002911B2 /* PGS_120841.swift in Sources */ = {isa = PBXBuildFile; fileRef = 207CF714290BC3F7002911B2 /* PGS_120841.swift */; };
		207DBB522912721100316B82 /* PGS_70128.swift in Sources */ = {isa = PBXBuildFile; fileRef = 207DBB512912721100316B82 /* PGS_70128.swift */; };
		207DBB54291277A600316B82 /* PGS_132267.swift in Sources */ = {isa = PBXBuildFile; fileRef = 207DBB53291277A600316B82 /* PGS_132267.swift */; };
		2094128D292618C9001DB342 /* BOJ_5789.swift in Sources */ = {isa = PBXBuildFile; fileRef = 2094128C292618C9001DB342 /* BOJ_5789.swift */; };
		2094128F292629BC001DB342 /* BOJ_17618.swift in Sources */ = {isa = PBXBuildFile; fileRef = 2094128E292629BC001DB342 /* BOJ_17618.swift */; };
		20C710F628FE3BAF002A7F08 /* main.swift in Sources */ = {isa = PBXBuildFile; fileRef = 20C710F528FE3BAF002A7F08 /* main.swift */; };
		20C710FF28FE3BD2002A7F08 /* PGS_82612.swift in Sources */ = {isa = PBXBuildFile; fileRef = 20C710FE28FE3BD2002A7F08 /* PGS_82612.swift */; };
		20E196AF294971D500A6CDD2 /* BOJ_2163.swift in Sources */ = {isa = PBXBuildFile; fileRef = 20E196AE294971D500A6CDD2 /* BOJ_2163.swift */; };
		20E196B129497EE100A6CDD2 /* PGS_133502.swift in Sources */ = {isa = PBXBuildFile; fileRef = 20E196B029497EE100A6CDD2 /* PGS_133502.swift */; };
		20E906CF2944815800D39BB6 /* PGS_142086.swift in Sources */ = {isa = PBXBuildFile; fileRef = 20E906CE2944815800D39BB6 /* PGS_142086.swift */; };
		20FC873F2943773700079606 /* BOJ_9366.swift in Sources */ = {isa = PBXBuildFile; fileRef = 20FC873E2943773700079606 /* BOJ_9366.swift */; };
/* End PBXBuildFile section */

/* Begin PBXCopyFilesBuildPhase section */
		20C710F028FE3BAF002A7F08 /* CopyFiles */ = {
			isa = PBXCopyFilesBuildPhase;
			buildActionMask = 2147483647;
			dstPath = /usr/share/man/man1/;
			dstSubfolderSpec = 0;
			files = (
			);
			runOnlyForDeploymentPostprocessing = 1;
		};
/* End PBXCopyFilesBuildPhase section */

/* Begin PBXFileReference section */
		2000FEA82945CCC20066931D /* PGS_12926.swift */ = {isa = PBXFileReference; lastKnownFileType = sourcecode.swift; path = PGS_12926.swift; sourceTree = "<group>"; };
		202EE68B2961B1C5003A504C /* PGS_120820.swift */ = {isa = PBXFileReference; lastKnownFileType = sourcecode.swift; path = PGS_120820.swift; sourceTree = "<group>"; };
		2031199A2956E3B0003C72DD /* PGS_120921.swift */ = {isa = PBXFileReference; lastKnownFileType = sourcecode.swift; path = PGS_120921.swift; sourceTree = "<group>"; };
		2031199C29572830003C72DD /* PGS_120880.swift */ = {isa = PBXFileReference; lastKnownFileType = sourcecode.swift; path = PGS_120880.swift; sourceTree = "<group>"; };
		2031199E2957344C003C72DD /* PGS_120868.swift */ = {isa = PBXFileReference; lastKnownFileType = sourcecode.swift; path = PGS_120868.swift; sourceTree = "<group>"; };
		20330559292F60940019D19F /* PGS_120924.swift */ = {isa = PBXFileReference; lastKnownFileType = sourcecode.swift; path = PGS_120924.swift; sourceTree = "<group>"; };
		2033055B292F69360019D19F /* BOJ_17210.swift */ = {isa = PBXFileReference; lastKnownFileType = sourcecode.swift; path = BOJ_17210.swift; sourceTree = "<group>"; };
		2047D755291B74CB00E3A715 /* PSG_120884.swift */ = {isa = PBXFileReference; lastKnownFileType = sourcecode.swift; path = PSG_120884.swift; sourceTree = "<group>"; };
		2047D757291B770500E3A715 /* PGS_12950.swift */ = {isa = PBXFileReference; lastKnownFileType = sourcecode.swift; path = PGS_12950.swift; sourceTree = "<group>"; };
		2074804A29374A1C00644AEF /* BOJ_4504.swift */ = {isa = PBXFileReference; lastKnownFileType = sourcecode.swift; path = BOJ_4504.swift; sourceTree = "<group>"; };
		2074804C2937519B00644AEF /* BOJ_9243.swift */ = {isa = PBXFileReference; lastKnownFileType = sourcecode.swift; path = BOJ_9243.swift; sourceTree = "<group>"; };
		2074804E29375F9100644AEF /* BOJ_7489.swift */ = {isa = PBXFileReference; lastKnownFileType = sourcecode.swift; path = BOJ_7489.swift; sourceTree = "<group>"; };
		207480502937627F00644AEF /* BOJ_2553.swift */ = {isa = PBXFileReference; lastKnownFileType = sourcecode.swift; path = BOJ_2553.swift; sourceTree = "<group>"; };
		207CF714290BC3F7002911B2 /* PGS_120841.swift */ = {isa = PBXFileReference; lastKnownFileType = sourcecode.swift; path = PGS_120841.swift; sourceTree = "<group>"; };
		207DBB512912721100316B82 /* PGS_70128.swift */ = {isa = PBXFileReference; lastKnownFileType = sourcecode.swift; path = PGS_70128.swift; sourceTree = "<group>"; };
		207DBB53291277A600316B82 /* PGS_132267.swift */ = {isa = PBXFileReference; lastKnownFileType = sourcecode.swift; path = PGS_132267.swift; sourceTree = "<group>"; };
		2094128C292618C9001DB342 /* BOJ_5789.swift */ = {isa = PBXFileReference; lastKnownFileType = sourcecode.swift; path = BOJ_5789.swift; sourceTree = "<group>"; };
		2094128E292629BC001DB342 /* BOJ_17618.swift */ = {isa = PBXFileReference; lastKnownFileType = sourcecode.swift; path = BOJ_17618.swift; sourceTree = "<group>"; };
		20C710F228FE3BAF002A7F08 /* AlogithmStudy */ = {isa = PBXFileReference; explicitFileType = "compiled.mach-o.executable"; includeInIndex = 0; path = AlogithmStudy; sourceTree = BUILT_PRODUCTS_DIR; };
		20C710F528FE3BAF002A7F08 /* main.swift */ = {isa = PBXFileReference; lastKnownFileType = sourcecode.swift; path = main.swift; sourceTree = "<group>"; };
		20C710FE28FE3BD2002A7F08 /* PGS_82612.swift */ = {isa = PBXFileReference; lastKnownFileType = sourcecode.swift; path = PGS_82612.swift; sourceTree = "<group>"; };
		20E196AE294971D500A6CDD2 /* BOJ_2163.swift */ = {isa = PBXFileReference; lastKnownFileType = sourcecode.swift; path = BOJ_2163.swift; sourceTree = "<group>"; };
		20E196B029497EE100A6CDD2 /* PGS_133502.swift */ = {isa = PBXFileReference; lastKnownFileType = sourcecode.swift; path = PGS_133502.swift; sourceTree = "<group>"; };
		20E906CE2944815800D39BB6 /* PGS_142086.swift */ = {isa = PBXFileReference; lastKnownFileType = sourcecode.swift; path = PGS_142086.swift; sourceTree = "<group>"; };
		20FC873E2943773700079606 /* BOJ_9366.swift */ = {isa = PBXFileReference; lastKnownFileType = sourcecode.swift; path = BOJ_9366.swift; sourceTree = "<group>"; };
/* End PBXFileReference section */

/* Begin PBXFrameworksBuildPhase section */
		20C710EF28FE3BAF002A7F08 /* Frameworks */ = {
			isa = PBXFrameworksBuildPhase;
			buildActionMask = 2147483647;
			files = (
			);
			runOnlyForDeploymentPostprocessing = 0;
		};
/* End PBXFrameworksBuildPhase section */

/* Begin PBXGroup section */
		207CF713290BC3E4002911B2 /* LEVEL_0 */ = {
			isa = PBXGroup;
			children = (
				207CF714290BC3F7002911B2 /* PGS_120841.swift */,
				2047D755291B74CB00E3A715 /* PSG_120884.swift */,
				20330559292F60940019D19F /* PGS_120924.swift */,
				2031199A2956E3B0003C72DD /* PGS_120921.swift */,
				2031199C29572830003C72DD /* PGS_120880.swift */,
				2031199E2957344C003C72DD /* PGS_120868.swift */,
				202EE68B2961B1C5003A504C /* PGS_120820.swift */,
			);
			path = LEVEL_0;
			sourceTree = "<group>";
		};
		2094128A2926185C001DB342 /* BOJ */ = {
			isa = PBXGroup;
			children = (
				20E196AD2949717300A6CDD2 /* SILVER */,
				2094128B29261873001DB342 /* BRONZE */,
			);
			path = BOJ;
			sourceTree = "<group>";
		};
		2094128B29261873001DB342 /* BRONZE */ = {
			isa = PBXGroup;
			children = (
				2094128C292618C9001DB342 /* BOJ_5789.swift */,
				2094128E292629BC001DB342 /* BOJ_17618.swift */,
				2033055B292F69360019D19F /* BOJ_17210.swift */,
				2074804A29374A1C00644AEF /* BOJ_4504.swift */,
				2074804C2937519B00644AEF /* BOJ_9243.swift */,
				2074804E29375F9100644AEF /* BOJ_7489.swift */,
				20FC873E2943773700079606 /* BOJ_9366.swift */,
				20E196AE294971D500A6CDD2 /* BOJ_2163.swift */,
			);
			path = BRONZE;
			sourceTree = "<group>";
		};
		20C710E928FE3BAF002A7F08 = {
			isa = PBXGroup;
			children = (
				20C710F428FE3BAF002A7F08 /* AlogithmStudy */,
				20C710F328FE3BAF002A7F08 /* Products */,
			);
			sourceTree = "<group>";
		};
		20C710F328FE3BAF002A7F08 /* Products */ = {
			isa = PBXGroup;
			children = (
				20C710F228FE3BAF002A7F08 /* AlogithmStudy */,
			);
			name = Products;
			sourceTree = "<group>";
		};
		20C710F428FE3BAF002A7F08 /* AlogithmStudy */ = {
			isa = PBXGroup;
			children = (
				20C710F528FE3BAF002A7F08 /* main.swift */,
				2094128A2926185C001DB342 /* BOJ */,
				20C710FC28FE3BB6002A7F08 /* PSG */,
			);
			path = AlogithmStudy;
			sourceTree = "<group>";
		};
		20C710FC28FE3BB6002A7F08 /* PSG */ = {
			isa = PBXGroup;
			children = (
				207CF713290BC3E4002911B2 /* LEVEL_0 */,
				20C710FD28FE3BBC002A7F08 /* LEVEL_1 */,
			);
			path = PSG;
			sourceTree = "<group>";
		};
		20C710FD28FE3BBC002A7F08 /* LEVEL_1 */ = {
			isa = PBXGroup;
			children = (
				20C710FE28FE3BD2002A7F08 /* PGS_82612.swift */,
				207DBB512912721100316B82 /* PGS_70128.swift */,
				207DBB53291277A600316B82 /* PGS_132267.swift */,
				2047D757291B770500E3A715 /* PGS_12950.swift */,
				20E906CE2944815800D39BB6 /* PGS_142086.swift */,
				2000FEA82945CCC20066931D /* PGS_12926.swift */,
				20E196B029497EE100A6CDD2 /* PGS_133502.swift */,
			);
			path = LEVEL_1;
			sourceTree = "<group>";
		};
		20E196AD2949717300A6CDD2 /* SILVER */ = {
			isa = PBXGroup;
			children = (
				207480502937627F00644AEF /* BOJ_2553.swift */,
			);
			path = SILVER;
			sourceTree = "<group>";
		};
/* End PBXGroup section */

/* Begin PBXNativeTarget section */
		20C710F128FE3BAF002A7F08 /* AlogithmStudy */ = {
			isa = PBXNativeTarget;
			buildConfigurationList = 20C710F928FE3BAF002A7F08 /* Build configuration list for PBXNativeTarget "AlogithmStudy" */;
			buildPhases = (
				20C710EE28FE3BAF002A7F08 /* Sources */,
				20C710EF28FE3BAF002A7F08 /* Frameworks */,
				20C710F028FE3BAF002A7F08 /* CopyFiles */,
			);
			buildRules = (
			);
			dependencies = (
			);
			name = AlogithmStudy;
			productName = AlogithmStudy;
			productReference = 20C710F228FE3BAF002A7F08 /* AlogithmStudy */;
			productType = "com.apple.product-type.tool";
		};
/* End PBXNativeTarget section */

/* Begin PBXProject section */
		20C710EA28FE3BAF002A7F08 /* Project object */ = {
			isa = PBXProject;
			attributes = {
				BuildIndependentTargetsInParallel = 1;
				LastSwiftUpdateCheck = 1340;
				LastUpgradeCheck = 1340;
				TargetAttributes = {
					20C710F128FE3BAF002A7F08 = {
						CreatedOnToolsVersion = 13.4.1;
					};
				};
			};
			buildConfigurationList = 20C710ED28FE3BAF002A7F08 /* Build configuration list for PBXProject "AlogithmStudy" */;
			compatibilityVersion = "Xcode 13.0";
			developmentRegion = en;
			hasScannedForEncodings = 0;
			knownRegions = (
				en,
				Base,
			);
			mainGroup = 20C710E928FE3BAF002A7F08;
			productRefGroup = 20C710F328FE3BAF002A7F08 /* Products */;
			projectDirPath = "";
			projectRoot = "";
			targets = (
				20C710F128FE3BAF002A7F08 /* AlogithmStudy */,
			);
		};
/* End PBXProject section */

/* Begin PBXSourcesBuildPhase section */
		20C710EE28FE3BAF002A7F08 /* Sources */ = {
			isa = PBXSourcesBuildPhase;
			buildActionMask = 2147483647;
			files = (
				2074804D2937519B00644AEF /* BOJ_9243.swift in Sources */,
				20C710FF28FE3BD2002A7F08 /* PGS_82612.swift in Sources */,
				2094128F292629BC001DB342 /* BOJ_17618.swift in Sources */,
				2031199F2957344C003C72DD /* PGS_120868.swift in Sources */,
				2031199D29572830003C72DD /* PGS_120880.swift in Sources */,
				2033055A292F60940019D19F /* PGS_120924.swift in Sources */,
				2047D756291B74CB00E3A715 /* PSG_120884.swift in Sources */,
				20E906CF2944815800D39BB6 /* PGS_142086.swift in Sources */,
				2047D758291B770500E3A715 /* PGS_12950.swift in Sources */,
				202EE68C2961B1C5003A504C /* PGS_120820.swift in Sources */,
				20C710F628FE3BAF002A7F08 /* main.swift in Sources */,
				207480512937627F00644AEF /* BOJ_2553.swift in Sources */,
				2033055C292F69360019D19F /* BOJ_17210.swift in Sources */,
				20E196B129497EE100A6CDD2 /* PGS_133502.swift in Sources */,
				2031199B2956E3B0003C72DD /* PGS_120921.swift in Sources */,
				207CF715290BC3F7002911B2 /* PGS_120841.swift in Sources */,
				2000FEA92945CCC20066931D /* PGS_12926.swift in Sources */,
				20E196AF294971D500A6CDD2 /* BOJ_2163.swift in Sources */,
				2074804F29375F9100644AEF /* BOJ_7489.swift in Sources */,
				20FC873F2943773700079606 /* BOJ_9366.swift in Sources */,
				2074804B29374A1C00644AEF /* BOJ_4504.swift in Sources */,
				2094128D292618C9001DB342 /* BOJ_5789.swift in Sources */,
				207DBB522912721100316B82 /* PGS_70128.swift in Sources */,
				207DBB54291277A600316B82 /* PGS_132267.swift in Sources */,
			);
			runOnlyForDeploymentPostprocessing = 0;
		};
/* End PBXSourcesBuildPhase section */

/* Begin XCBuildConfiguration section */
		20C710F728FE3BAF002A7F08 /* Debug */ = {
			isa = XCBuildConfiguration;
			buildSettings = {
				ALWAYS_SEARCH_USER_PATHS = NO;
				CLANG_ANALYZER_NONNULL = YES;
				CLANG_ANALYZER_NUMBER_OBJECT_CONVERSION = YES_AGGRESSIVE;
				CLANG_CXX_LANGUAGE_STANDARD = "gnu++17";
				CLANG_ENABLE_MODULES = YES;
				CLANG_ENABLE_OBJC_ARC = YES;
				CLANG_ENABLE_OBJC_WEAK = YES;
				CLANG_WARN_BLOCK_CAPTURE_AUTORELEASING = YES;
				CLANG_WARN_BOOL_CONVERSION = YES;
				CLANG_WARN_COMMA = YES;
				CLANG_WARN_CONSTANT_CONVERSION = YES;
				CLANG_WARN_DEPRECATED_OBJC_IMPLEMENTATIONS = YES;
				CLANG_WARN_DIRECT_OBJC_ISA_USAGE = YES_ERROR;
				CLANG_WARN_DOCUMENTATION_COMMENTS = YES;
				CLANG_WARN_EMPTY_BODY = YES;
				CLANG_WARN_ENUM_CONVERSION = YES;
				CLANG_WARN_INFINITE_RECURSION = YES;
				CLANG_WARN_INT_CONVERSION = YES;
				CLANG_WARN_NON_LITERAL_NULL_CONVERSION = YES;
				CLANG_WARN_OBJC_IMPLICIT_RETAIN_SELF = YES;
				CLANG_WARN_OBJC_LITERAL_CONVERSION = YES;
				CLANG_WARN_OBJC_ROOT_CLASS = YES_ERROR;
				CLANG_WARN_QUOTED_INCLUDE_IN_FRAMEWORK_HEADER = YES;
				CLANG_WARN_RANGE_LOOP_ANALYSIS = YES;
				CLANG_WARN_STRICT_PROTOTYPES = YES;
				CLANG_WARN_SUSPICIOUS_MOVE = YES;
				CLANG_WARN_UNGUARDED_AVAILABILITY = YES_AGGRESSIVE;
				CLANG_WARN_UNREACHABLE_CODE = YES;
				CLANG_WARN__DUPLICATE_METHOD_MATCH = YES;
				COPY_PHASE_STRIP = NO;
				DEBUG_INFORMATION_FORMAT = dwarf;
				ENABLE_STRICT_OBJC_MSGSEND = YES;
				ENABLE_TESTABILITY = YES;
				GCC_C_LANGUAGE_STANDARD = gnu11;
				GCC_DYNAMIC_NO_PIC = NO;
				GCC_NO_COMMON_BLOCKS = YES;
				GCC_OPTIMIZATION_LEVEL = 0;
				GCC_PREPROCESSOR_DEFINITIONS = (
					"DEBUG=1",
					"$(inherited)",
				);
				GCC_WARN_64_TO_32_BIT_CONVERSION = YES;
				GCC_WARN_ABOUT_RETURN_TYPE = YES_ERROR;
				GCC_WARN_UNDECLARED_SELECTOR = YES;
				GCC_WARN_UNINITIALIZED_AUTOS = YES_AGGRESSIVE;
				GCC_WARN_UNUSED_FUNCTION = YES;
				GCC_WARN_UNUSED_VARIABLE = YES;
				MACOSX_DEPLOYMENT_TARGET = 12.3;
				MTL_ENABLE_DEBUG_INFO = INCLUDE_SOURCE;
				MTL_FAST_MATH = YES;
				ONLY_ACTIVE_ARCH = YES;
				SDKROOT = macosx;
				SWIFT_ACTIVE_COMPILATION_CONDITIONS = DEBUG;
				SWIFT_OPTIMIZATION_LEVEL = "-Onone";
			};
			name = Debug;
		};
		20C710F828FE3BAF002A7F08 /* Release */ = {
			isa = XCBuildConfiguration;
			buildSettings = {
				ALWAYS_SEARCH_USER_PATHS = NO;
				CLANG_ANALYZER_NONNULL = YES;
				CLANG_ANALYZER_NUMBER_OBJECT_CONVERSION = YES_AGGRESSIVE;
				CLANG_CXX_LANGUAGE_STANDARD = "gnu++17";
				CLANG_ENABLE_MODULES = YES;
				CLANG_ENABLE_OBJC_ARC = YES;
				CLANG_ENABLE_OBJC_WEAK = YES;
				CLANG_WARN_BLOCK_CAPTURE_AUTORELEASING = YES;
				CLANG_WARN_BOOL_CONVERSION = YES;
				CLANG_WARN_COMMA = YES;
				CLANG_WARN_CONSTANT_CONVERSION = YES;
				CLANG_WARN_DEPRECATED_OBJC_IMPLEMENTATIONS = YES;
				CLANG_WARN_DIRECT_OBJC_ISA_USAGE = YES_ERROR;
				CLANG_WARN_DOCUMENTATION_COMMENTS = YES;
				CLANG_WARN_EMPTY_BODY = YES;
				CLANG_WARN_ENUM_CONVERSION = YES;
				CLANG_WARN_INFINITE_RECURSION = YES;
				CLANG_WARN_INT_CONVERSION = YES;
				CLANG_WARN_NON_LITERAL_NULL_CONVERSION = YES;
				CLANG_WARN_OBJC_IMPLICIT_RETAIN_SELF = YES;
				CLANG_WARN_OBJC_LITERAL_CONVERSION = YES;
				CLANG_WARN_OBJC_ROOT_CLASS = YES_ERROR;
				CLANG_WARN_QUOTED_INCLUDE_IN_FRAMEWORK_HEADER = YES;
				CLANG_WARN_RANGE_LOOP_ANALYSIS = YES;
				CLANG_WARN_STRICT_PROTOTYPES = YES;
				CLANG_WARN_SUSPICIOUS_MOVE = YES;
				CLANG_WARN_UNGUARDED_AVAILABILITY = YES_AGGRESSIVE;
				CLANG_WARN_UNREACHABLE_CODE = YES;
				CLANG_WARN__DUPLICATE_METHOD_MATCH = YES;
				COPY_PHASE_STRIP = NO;
				DEBUG_INFORMATION_FORMAT = "dwarf-with-dsym";
				ENABLE_NS_ASSERTIONS = NO;
				ENABLE_STRICT_OBJC_MSGSEND = YES;
				GCC_C_LANGUAGE_STANDARD = gnu11;
				GCC_NO_COMMON_BLOCKS = YES;
				GCC_WARN_64_TO_32_BIT_CONVERSION = YES;
				GCC_WARN_ABOUT_RETURN_TYPE = YES_ERROR;
				GCC_WARN_UNDECLARED_SELECTOR = YES;
				GCC_WARN_UNINITIALIZED_AUTOS = YES_AGGRESSIVE;
				GCC_WARN_UNUSED_FUNCTION = YES;
				GCC_WARN_UNUSED_VARIABLE = YES;
				MACOSX_DEPLOYMENT_TARGET = 12.3;
				MTL_ENABLE_DEBUG_INFO = NO;
				MTL_FAST_MATH = YES;
				SDKROOT = macosx;
				SWIFT_COMPILATION_MODE = wholemodule;
				SWIFT_OPTIMIZATION_LEVEL = "-O";
			};
			name = Release;
		};
		20C710FA28FE3BAF002A7F08 /* Debug */ = {
			isa = XCBuildConfiguration;
			buildSettings = {
				CODE_SIGN_STYLE = Automatic;
				PRODUCT_NAME = "$(TARGET_NAME)";
				SWIFT_VERSION = 5.0;
			};
			name = Debug;
		};
		20C710FB28FE3BAF002A7F08 /* Release */ = {
			isa = XCBuildConfiguration;
			buildSettings = {
				CODE_SIGN_STYLE = Automatic;
				PRODUCT_NAME = "$(TARGET_NAME)";
				SWIFT_VERSION = 5.0;
			};
			name = Release;
		};
/* End XCBuildConfiguration section */

/* Begin XCConfigurationList section */
		20C710ED28FE3BAF002A7F08 /* Build configuration list for PBXProject "AlogithmStudy" */ = {
			isa = XCConfigurationList;
			buildConfigurations = (
				20C710F728FE3BAF002A7F08 /* Debug */,
				20C710F828FE3BAF002A7F08 /* Release */,
			);
			defaultConfigurationIsVisible = 0;
			defaultConfigurationName = Release;
		};
		20C710F928FE3BAF002A7F08 /* Build configuration list for PBXNativeTarget "AlogithmStudy" */ = {
			isa = XCConfigurationList;
			buildConfigurations = (
				20C710FA28FE3BAF002A7F08 /* Debug */,
				20C710FB28FE3BAF002A7F08 /* Release */,
			);
			defaultConfigurationIsVisible = 0;
			defaultConfigurationName = Release;
		};
/* End XCConfigurationList section */
	};
	rootObject = 20C710EA28FE3BAF002A7F08 /* Project object */;
}
