// !$*UTF8*$!
{
	archiveVersion = 1;
	classes = {
	};
	objectVersion = 55;
	objects = {

/* Begin PBXBuildFile section */
		2047D756291B74CB00E3A715 /* ChickenCoupon.swift in Sources */ = {isa = PBXBuildFile; fileRef = 2047D755291B74CB00E3A715 /* ChickenCoupon.swift */; };
		207CF715290BC3F7002911B2 /* 점의_위치_구하기.swift in Sources */ = {isa = PBXBuildFile; fileRef = 207CF714290BC3F7002911B2 /* 점의_위치_구하기.swift */; };
		207DBB522912721100316B82 /* DotProduct.swift in Sources */ = {isa = PBXBuildFile; fileRef = 207DBB512912721100316B82 /* DotProduct.swift */; };
		207DBB54291277A600316B82 /* CokeProblem.swift in Sources */ = {isa = PBXBuildFile; fileRef = 207DBB53291277A600316B82 /* CokeProblem.swift */; };
		20C710F628FE3BAF002A7F08 /* main.swift in Sources */ = {isa = PBXBuildFile; fileRef = 20C710F528FE3BAF002A7F08 /* main.swift */; };
		20C710FF28FE3BD2002A7F08 /* 부족한_금액_계산.swift in Sources */ = {isa = PBXBuildFile; fileRef = 20C710FE28FE3BD2002A7F08 /* 부족한_금액_계산.swift */; };
/* End PBXBuildFile section */

/* Begin PBXCopyFilesBuildPhase section */
		20C710F028FE3BAF002A7F08 /* CopyFiles */ = {
			isa = PBXCopyFilesBuildPhase;
			buildActionMask = 2147483647;
			dstPath = /usr/share/man/man1/;
			dstSubfolderSpec = 0;
			files = (
			);
			runOnlyForDeploymentPostprocessing = 1;
		};
/* End PBXCopyFilesBuildPhase section */

/* Begin PBXFileReference section */
		2047D755291B74CB00E3A715 /* ChickenCoupon.swift */ = {isa = PBXFileReference; lastKnownFileType = sourcecode.swift; path = ChickenCoupon.swift; sourceTree = "<group>"; };
		207CF714290BC3F7002911B2 /* 점의_위치_구하기.swift */ = {isa = PBXFileReference; lastKnownFileType = sourcecode.swift; path = "점의_위치_구하기.swift"; sourceTree = "<group>"; };
		207DBB512912721100316B82 /* DotProduct.swift */ = {isa = PBXFileReference; lastKnownFileType = sourcecode.swift; path = DotProduct.swift; sourceTree = "<group>"; };
		207DBB53291277A600316B82 /* CokeProblem.swift */ = {isa = PBXFileReference; lastKnownFileType = sourcecode.swift; path = CokeProblem.swift; sourceTree = "<group>"; };
		20C710F228FE3BAF002A7F08 /* AlogithmStudy */ = {isa = PBXFileReference; explicitFileType = "compiled.mach-o.executable"; includeInIndex = 0; path = AlogithmStudy; sourceTree = BUILT_PRODUCTS_DIR; };
		20C710F528FE3BAF002A7F08 /* main.swift */ = {isa = PBXFileReference; lastKnownFileType = sourcecode.swift; path = main.swift; sourceTree = "<group>"; };
		20C710FE28FE3BD2002A7F08 /* 부족한_금액_계산.swift */ = {isa = PBXFileReference; lastKnownFileType = sourcecode.swift; path = "부족한_금액_계산.swift"; sourceTree = "<group>"; };
/* End PBXFileReference section */

/* Begin PBXFrameworksBuildPhase section */
		20C710EF28FE3BAF002A7F08 /* Frameworks */ = {
			isa = PBXFrameworksBuildPhase;
			buildActionMask = 2147483647;
			files = (
			);
			runOnlyForDeploymentPostprocessing = 0;
		};
/* End PBXFrameworksBuildPhase section */

/* Begin PBXGroup section */
		207CF713290BC3E4002911B2 /* LEVEL_0 */ = {
			isa = PBXGroup;
			children = (
				207CF714290BC3F7002911B2 /* 점의_위치_구하기.swift */,
				2047D755291B74CB00E3A715 /* ChickenCoupon.swift */,
			);
			path = LEVEL_0;
			sourceTree = "<group>";
		};
		20C710E928FE3BAF002A7F08 = {
			isa = PBXGroup;
			children = (
				20C710F428FE3BAF002A7F08 /* AlogithmStudy */,
				20C710F328FE3BAF002A7F08 /* Products */,
			);
			sourceTree = "<group>";
		};
		20C710F328FE3BAF002A7F08 /* Products */ = {
			isa = PBXGroup;
			children = (
				20C710F228FE3BAF002A7F08 /* AlogithmStudy */,
			);
			name = Products;
			sourceTree = "<group>";
		};
		20C710F428FE3BAF002A7F08 /* AlogithmStudy */ = {
			isa = PBXGroup;
			children = (
				20C710F528FE3BAF002A7F08 /* main.swift */,
				20C710FC28FE3BB6002A7F08 /* PSG */,
			);
			path = AlogithmStudy;
			sourceTree = "<group>";
		};
		20C710FC28FE3BB6002A7F08 /* PSG */ = {
			isa = PBXGroup;
			children = (
				207CF713290BC3E4002911B2 /* LEVEL_0 */,
				20C710FD28FE3BBC002A7F08 /* LEVEL_1 */,
			);
			path = PSG;
			sourceTree = "<group>";
		};
		20C710FD28FE3BBC002A7F08 /* LEVEL_1 */ = {
			isa = PBXGroup;
			children = (
				20C710FE28FE3BD2002A7F08 /* 부족한_금액_계산.swift */,
				207DBB512912721100316B82 /* DotProduct.swift */,
				207DBB53291277A600316B82 /* CokeProblem.swift */,
			);
			path = LEVEL_1;
			sourceTree = "<group>";
		};
/* End PBXGroup section */

/* Begin PBXNativeTarget section */
		20C710F128FE3BAF002A7F08 /* AlogithmStudy */ = {
			isa = PBXNativeTarget;
			buildConfigurationList = 20C710F928FE3BAF002A7F08 /* Build configuration list for PBXNativeTarget "AlogithmStudy" */;
			buildPhases = (
				20C710EE28FE3BAF002A7F08 /* Sources */,
				20C710EF28FE3BAF002A7F08 /* Frameworks */,
				20C710F028FE3BAF002A7F08 /* CopyFiles */,
			);
			buildRules = (
			);
			dependencies = (
			);
			name = AlogithmStudy;
			productName = AlogithmStudy;
			productReference = 20C710F228FE3BAF002A7F08 /* AlogithmStudy */;
			productType = "com.apple.product-type.tool";
		};
/* End PBXNativeTarget section */

/* Begin PBXProject section */
		20C710EA28FE3BAF002A7F08 /* Project object */ = {
			isa = PBXProject;
			attributes = {
				BuildIndependentTargetsInParallel = 1;
				LastSwiftUpdateCheck = 1340;
				LastUpgradeCheck = 1340;
				TargetAttributes = {
					20C710F128FE3BAF002A7F08 = {
						CreatedOnToolsVersion = 13.4.1;
					};
				};
			};
			buildConfigurationList = 20C710ED28FE3BAF002A7F08 /* Build configuration list for PBXProject "AlogithmStudy" */;
			compatibilityVersion = "Xcode 13.0";
			developmentRegion = en;
			hasScannedForEncodings = 0;
			knownRegions = (
				en,
				Base,
			);
			mainGroup = 20C710E928FE3BAF002A7F08;
			productRefGroup = 20C710F328FE3BAF002A7F08 /* Products */;
			projectDirPath = "";
			projectRoot = "";
			targets = (
				20C710F128FE3BAF002A7F08 /* AlogithmStudy */,
			);
		};
/* End PBXProject section */

/* Begin PBXSourcesBuildPhase section */
		20C710EE28FE3BAF002A7F08 /* Sources */ = {
			isa = PBXSourcesBuildPhase;
			buildActionMask = 2147483647;
			files = (
				20C710FF28FE3BD2002A7F08 /* 부족한_금액_계산.swift in Sources */,
				2047D756291B74CB00E3A715 /* ChickenCoupon.swift in Sources */,
				20C710F628FE3BAF002A7F08 /* main.swift in Sources */,
				207CF715290BC3F7002911B2 /* 점의_위치_구하기.swift in Sources */,
				207DBB522912721100316B82 /* DotProduct.swift in Sources */,
				207DBB54291277A600316B82 /* CokeProblem.swift in Sources */,
			);
			runOnlyForDeploymentPostprocessing = 0;
		};
/* End PBXSourcesBuildPhase section */

/* Begin XCBuildConfiguration section */
		20C710F728FE3BAF002A7F08 /* Debug */ = {
			isa = XCBuildConfiguration;
			buildSettings = {
				ALWAYS_SEARCH_USER_PATHS = NO;
				CLANG_ANALYZER_NONNULL = YES;
				CLANG_ANALYZER_NUMBER_OBJECT_CONVERSION = YES_AGGRESSIVE;
				CLANG_CXX_LANGUAGE_STANDARD = "gnu++17";
				CLANG_ENABLE_MODULES = YES;
				CLANG_ENABLE_OBJC_ARC = YES;
				CLANG_ENABLE_OBJC_WEAK = YES;
				CLANG_WARN_BLOCK_CAPTURE_AUTORELEASING = YES;
				CLANG_WARN_BOOL_CONVERSION = YES;
				CLANG_WARN_COMMA = YES;
				CLANG_WARN_CONSTANT_CONVERSION = YES;
				CLANG_WARN_DEPRECATED_OBJC_IMPLEMENTATIONS = YES;
				CLANG_WARN_DIRECT_OBJC_ISA_USAGE = YES_ERROR;
				CLANG_WARN_DOCUMENTATION_COMMENTS = YES;
				CLANG_WARN_EMPTY_BODY = YES;
				CLANG_WARN_ENUM_CONVERSION = YES;
				CLANG_WARN_INFINITE_RECURSION = YES;
				CLANG_WARN_INT_CONVERSION = YES;
				CLANG_WARN_NON_LITERAL_NULL_CONVERSION = YES;
				CLANG_WARN_OBJC_IMPLICIT_RETAIN_SELF = YES;
				CLANG_WARN_OBJC_LITERAL_CONVERSION = YES;
				CLANG_WARN_OBJC_ROOT_CLASS = YES_ERROR;
				CLANG_WARN_QUOTED_INCLUDE_IN_FRAMEWORK_HEADER = YES;
				CLANG_WARN_RANGE_LOOP_ANALYSIS = YES;
				CLANG_WARN_STRICT_PROTOTYPES = YES;
				CLANG_WARN_SUSPICIOUS_MOVE = YES;
				CLANG_WARN_UNGUARDED_AVAILABILITY = YES_AGGRESSIVE;
				CLANG_WARN_UNREACHABLE_CODE = YES;
				CLANG_WARN__DUPLICATE_METHOD_MATCH = YES;
				COPY_PHASE_STRIP = NO;
				DEBUG_INFORMATION_FORMAT = dwarf;
				ENABLE_STRICT_OBJC_MSGSEND = YES;
				ENABLE_TESTABILITY = YES;
				GCC_C_LANGUAGE_STANDARD = gnu11;
				GCC_DYNAMIC_NO_PIC = NO;
				GCC_NO_COMMON_BLOCKS = YES;
				GCC_OPTIMIZATION_LEVEL = 0;
				GCC_PREPROCESSOR_DEFINITIONS = (
					"DEBUG=1",
					"$(inherited)",
				);
				GCC_WARN_64_TO_32_BIT_CONVERSION = YES;
				GCC_WARN_ABOUT_RETURN_TYPE = YES_ERROR;
				GCC_WARN_UNDECLARED_SELECTOR = YES;
				GCC_WARN_UNINITIALIZED_AUTOS = YES_AGGRESSIVE;
				GCC_WARN_UNUSED_FUNCTION = YES;
				GCC_WARN_UNUSED_VARIABLE = YES;
				MACOSX_DEPLOYMENT_TARGET = 12.3;
				MTL_ENABLE_DEBUG_INFO = INCLUDE_SOURCE;
				MTL_FAST_MATH = YES;
				ONLY_ACTIVE_ARCH = YES;
				SDKROOT = macosx;
				SWIFT_ACTIVE_COMPILATION_CONDITIONS = DEBUG;
				SWIFT_OPTIMIZATION_LEVEL = "-Onone";
			};
			name = Debug;
		};
		20C710F828FE3BAF002A7F08 /* Release */ = {
			isa = XCBuildConfiguration;
			buildSettings = {
				ALWAYS_SEARCH_USER_PATHS = NO;
				CLANG_ANALYZER_NONNULL = YES;
				CLANG_ANALYZER_NUMBER_OBJECT_CONVERSION = YES_AGGRESSIVE;
				CLANG_CXX_LANGUAGE_STANDARD = "gnu++17";
				CLANG_ENABLE_MODULES = YES;
				CLANG_ENABLE_OBJC_ARC = YES;
				CLANG_ENABLE_OBJC_WEAK = YES;
				CLANG_WARN_BLOCK_CAPTURE_AUTORELEASING = YES;
				CLANG_WARN_BOOL_CONVERSION = YES;
				CLANG_WARN_COMMA = YES;
				CLANG_WARN_CONSTANT_CONVERSION = YES;
				CLANG_WARN_DEPRECATED_OBJC_IMPLEMENTATIONS = YES;
				CLANG_WARN_DIRECT_OBJC_ISA_USAGE = YES_ERROR;
				CLANG_WARN_DOCUMENTATION_COMMENTS = YES;
				CLANG_WARN_EMPTY_BODY = YES;
				CLANG_WARN_ENUM_CONVERSION = YES;
				CLANG_WARN_INFINITE_RECURSION = YES;
				CLANG_WARN_INT_CONVERSION = YES;
				CLANG_WARN_NON_LITERAL_NULL_CONVERSION = YES;
				CLANG_WARN_OBJC_IMPLICIT_RETAIN_SELF = YES;
				CLANG_WARN_OBJC_LITERAL_CONVERSION = YES;
				CLANG_WARN_OBJC_ROOT_CLASS = YES_ERROR;
				CLANG_WARN_QUOTED_INCLUDE_IN_FRAMEWORK_HEADER = YES;
				CLANG_WARN_RANGE_LOOP_ANALYSIS = YES;
				CLANG_WARN_STRICT_PROTOTYPES = YES;
				CLANG_WARN_SUSPICIOUS_MOVE = YES;
				CLANG_WARN_UNGUARDED_AVAILABILITY = YES_AGGRESSIVE;
				CLANG_WARN_UNREACHABLE_CODE = YES;
				CLANG_WARN__DUPLICATE_METHOD_MATCH = YES;
				COPY_PHASE_STRIP = NO;
				DEBUG_INFORMATION_FORMAT = "dwarf-with-dsym";
				ENABLE_NS_ASSERTIONS = NO;
				ENABLE_STRICT_OBJC_MSGSEND = YES;
				GCC_C_LANGUAGE_STANDARD = gnu11;
				GCC_NO_COMMON_BLOCKS = YES;
				GCC_WARN_64_TO_32_BIT_CONVERSION = YES;
				GCC_WARN_ABOUT_RETURN_TYPE = YES_ERROR;
				GCC_WARN_UNDECLARED_SELECTOR = YES;
				GCC_WARN_UNINITIALIZED_AUTOS = YES_AGGRESSIVE;
				GCC_WARN_UNUSED_FUNCTION = YES;
				GCC_WARN_UNUSED_VARIABLE = YES;
				MACOSX_DEPLOYMENT_TARGET = 12.3;
				MTL_ENABLE_DEBUG_INFO = NO;
				MTL_FAST_MATH = YES;
				SDKROOT = macosx;
				SWIFT_COMPILATION_MODE = wholemodule;
				SWIFT_OPTIMIZATION_LEVEL = "-O";
			};
			name = Release;
		};
		20C710FA28FE3BAF002A7F08 /* Debug */ = {
			isa = XCBuildConfiguration;
			buildSettings = {
				CODE_SIGN_STYLE = Automatic;
				PRODUCT_NAME = "$(TARGET_NAME)";
				SWIFT_VERSION = 5.0;
			};
			name = Debug;
		};
		20C710FB28FE3BAF002A7F08 /* Release */ = {
			isa = XCBuildConfiguration;
			buildSettings = {
				CODE_SIGN_STYLE = Automatic;
				PRODUCT_NAME = "$(TARGET_NAME)";
				SWIFT_VERSION = 5.0;
			};
			name = Release;
		};
/* End XCBuildConfiguration section */

/* Begin XCConfigurationList section */
		20C710ED28FE3BAF002A7F08 /* Build configuration list for PBXProject "AlogithmStudy" */ = {
			isa = XCConfigurationList;
			buildConfigurations = (
				20C710F728FE3BAF002A7F08 /* Debug */,
				20C710F828FE3BAF002A7F08 /* Release */,
			);
			defaultConfigurationIsVisible = 0;
			defaultConfigurationName = Release;
		};
		20C710F928FE3BAF002A7F08 /* Build configuration list for PBXNativeTarget "AlogithmStudy" */ = {
			isa = XCConfigurationList;
			buildConfigurations = (
				20C710FA28FE3BAF002A7F08 /* Debug */,
				20C710FB28FE3BAF002A7F08 /* Release */,
			);
			defaultConfigurationIsVisible = 0;
			defaultConfigurationName = Release;
		};
/* End XCConfigurationList section */
	};
	rootObject = 20C710EA28FE3BAF002A7F08 /* Project object */;
}
