// !$*UTF8*$!
{
	archiveVersion = 1;
	classes = {
	};
	objectVersion = 55;
	objects = {

/* Begin PBXBuildFile section */
		FD313991290EAD6D0047880E /* BOJ_2753.swift in Sources */ = {isa = PBXBuildFile; fileRef = FD313990290EAD6D0047880E /* BOJ_2753.swift */; };
		FD313993290EB01B0047880E /* BOJ_2884.swift in Sources */ = {isa = PBXBuildFile; fileRef = FD313992290EB01B0047880E /* BOJ_2884.swift */; };
		FD3139B429140BA70047880E /* BOJ_2439.swift in Sources */ = {isa = PBXBuildFile; fileRef = FD3139B329140BA70047880E /* BOJ_2439.swift */; };
		FD3139B82917DA9C0047880E /* BOJ_2739.swift in Sources */ = {isa = PBXBuildFile; fileRef = FD3139B72917DA9C0047880E /* BOJ_2739.swift */; };
		FD3139BA2917DCA90047880E /* BOJ_8958.swift in Sources */ = {isa = PBXBuildFile; fileRef = FD3139B92917DCA90047880E /* BOJ_8958.swift */; };
		FD3139BC2917E01D0047880E /* BOJ_3052.swift in Sources */ = {isa = PBXBuildFile; fileRef = FD3139BB2917E01D0047880E /* BOJ_3052.swift */; };
		FDF30397290B9B7D00BF3FEE /* main.swift in Sources */ = {isa = PBXBuildFile; fileRef = FDF30396290B9B7D00BF3FEE /* main.swift */; };
		FDF303A0290B9BB700BF3FEE /* BOJ_1264.swift in Sources */ = {isa = PBXBuildFile; fileRef = FDF3039F290B9BB700BF3FEE /* BOJ_1264.swift */; };
/* End PBXBuildFile section */

/* Begin PBXCopyFilesBuildPhase section */
		FDF30391290B9B7D00BF3FEE /* CopyFiles */ = {
			isa = PBXCopyFilesBuildPhase;
			buildActionMask = 2147483647;
			dstPath = /usr/share/man/man1/;
			dstSubfolderSpec = 0;
			files = (
			);
			runOnlyForDeploymentPostprocessing = 1;
		};
/* End PBXCopyFilesBuildPhase section */

/* Begin PBXFileReference section */
		FD313990290EAD6D0047880E /* BOJ_2753.swift */ = {isa = PBXFileReference; lastKnownFileType = sourcecode.swift; path = BOJ_2753.swift; sourceTree = "<group>"; };
		FD313992290EB01B0047880E /* BOJ_2884.swift */ = {isa = PBXFileReference; lastKnownFileType = sourcecode.swift; path = BOJ_2884.swift; sourceTree = "<group>"; };
		FD3139B329140BA70047880E /* BOJ_2439.swift */ = {isa = PBXFileReference; lastKnownFileType = sourcecode.swift; path = BOJ_2439.swift; sourceTree = "<group>"; };
		FD3139B72917DA9C0047880E /* BOJ_2739.swift */ = {isa = PBXFileReference; lastKnownFileType = sourcecode.swift; path = BOJ_2739.swift; sourceTree = "<group>"; };
		FD3139B92917DCA90047880E /* BOJ_8958.swift */ = {isa = PBXFileReference; lastKnownFileType = sourcecode.swift; path = BOJ_8958.swift; sourceTree = "<group>"; };
		FD3139BB2917E01D0047880E /* BOJ_3052.swift */ = {isa = PBXFileReference; lastKnownFileType = sourcecode.swift; path = BOJ_3052.swift; sourceTree = "<group>"; };
		FDF30393290B9B7D00BF3FEE /* AlogrithmsStudy-Minsson */ = {isa = PBXFileReference; explicitFileType = "compiled.mach-o.executable"; includeInIndex = 0; path = "AlogrithmsStudy-Minsson"; sourceTree = BUILT_PRODUCTS_DIR; };
		FDF30396290B9B7D00BF3FEE /* main.swift */ = {isa = PBXFileReference; lastKnownFileType = sourcecode.swift; path = main.swift; sourceTree = "<group>"; };
		FDF3039F290B9BB700BF3FEE /* BOJ_1264.swift */ = {isa = PBXFileReference; lastKnownFileType = sourcecode.swift; path = BOJ_1264.swift; sourceTree = "<group>"; };
/* End PBXFileReference section */

/* Begin PBXFrameworksBuildPhase section */
		FDF30390290B9B7D00BF3FEE /* Frameworks */ = {
			isa = PBXFrameworksBuildPhase;
			buildActionMask = 2147483647;
			files = (
			);
			runOnlyForDeploymentPostprocessing = 0;
		};
/* End PBXFrameworksBuildPhase section */

/* Begin PBXGroup section */
		FDF3038A290B9B7D00BF3FEE = {
			isa = PBXGroup;
			children = (
				FDF30395290B9B7D00BF3FEE /* AlogrithmsStudy-Minsson */,
				FDF30394290B9B7D00BF3FEE /* Products */,
			);
			sourceTree = "<group>";
		};
		FDF30394290B9B7D00BF3FEE /* Products */ = {
			isa = PBXGroup;
			children = (
				FDF30393290B9B7D00BF3FEE /* AlogrithmsStudy-Minsson */,
			);
			name = Products;
			sourceTree = "<group>";
		};
		FDF30395290B9B7D00BF3FEE /* AlogrithmsStudy-Minsson */ = {
			isa = PBXGroup;
			children = (
				FDF30396290B9B7D00BF3FEE /* main.swift */,
				FDF303A1290B9C1500BF3FEE /* TierMatch */,
				FDF3039D290B9B8800BF3FEE /* BOJ */,
			);
			path = "AlogrithmsStudy-Minsson";
			sourceTree = "<group>";
		};
		FDF3039D290B9B8800BF3FEE /* BOJ */ = {
			isa = PBXGroup;
			children = (
				FDF3039E290B9B8E00BF3FEE /* BRONZE */,
			);
			path = BOJ;
			sourceTree = "<group>";
		};
		FDF3039E290B9B8E00BF3FEE /* BRONZE */ = {
			isa = PBXGroup;
			children = (
				FD313990290EAD6D0047880E /* BOJ_2753.swift */,
				FD313992290EB01B0047880E /* BOJ_2884.swift */,
				FD3139B72917DA9C0047880E /* BOJ_2739.swift */,
				FD3139B92917DCA90047880E /* BOJ_8958.swift */,
				FD3139BB2917E01D0047880E /* BOJ_3052.swift */,
			);
			path = BRONZE;
			sourceTree = "<group>";
		};
		FDF303A1290B9C1500BF3FEE /* TierMatch */ = {
			isa = PBXGroup;
			children = (
				FDF3039F290B9BB700BF3FEE /* BOJ_1264.swift */,
				FD3139B329140BA70047880E /* BOJ_2439.swift */,
			);
			path = TierMatch;
			sourceTree = "<group>";
		};
/* End PBXGroup section */

/* Begin PBXNativeTarget section */
		FDF30392290B9B7D00BF3FEE /* AlogrithmsStudy-Minsson */ = {
			isa = PBXNativeTarget;
			buildConfigurationList = FDF3039A290B9B7D00BF3FEE /* Build configuration list for PBXNativeTarget "AlogrithmsStudy-Minsson" */;
			buildPhases = (
				FDF3038F290B9B7D00BF3FEE /* Sources */,
				FDF30390290B9B7D00BF3FEE /* Frameworks */,
				FDF30391290B9B7D00BF3FEE /* CopyFiles */,
			);
			buildRules = (
			);
			dependencies = (
			);
			name = "AlogrithmsStudy-Minsson";
			productName = "AlogrithmsStudy-Minsson";
			productReference = FDF30393290B9B7D00BF3FEE /* AlogrithmsStudy-Minsson */;
			productType = "com.apple.product-type.tool";
		};
/* End PBXNativeTarget section */

/* Begin PBXProject section */
		FDF3038B290B9B7D00BF3FEE /* Project object */ = {
			isa = PBXProject;
			attributes = {
				BuildIndependentTargetsInParallel = 1;
				LastSwiftUpdateCheck = 1340;
				LastUpgradeCheck = 1400;
				TargetAttributes = {
					FDF30392290B9B7D00BF3FEE = {
						CreatedOnToolsVersion = 13.4.1;
					};
				};
			};
			buildConfigurationList = FDF3038E290B9B7D00BF3FEE /* Build configuration list for PBXProject "AlogrithmsStudy-Minsson" */;
			compatibilityVersion = "Xcode 13.0";
			developmentRegion = en;
			hasScannedForEncodings = 0;
			knownRegions = (
				en,
				Base,
			);
			mainGroup = FDF3038A290B9B7D00BF3FEE;
			productRefGroup = FDF30394290B9B7D00BF3FEE /* Products */;
			projectDirPath = "";
			projectRoot = "";
			targets = (
				FDF30392290B9B7D00BF3FEE /* AlogrithmsStudy-Minsson */,
			);
		};
/* End PBXProject section */

/* Begin PBXSourcesBuildPhase section */
		FDF3038F290B9B7D00BF3FEE /* Sources */ = {
			isa = PBXSourcesBuildPhase;
			buildActionMask = 2147483647;
			files = (
				FD3139B82917DA9C0047880E /* BOJ_2739.swift in Sources */,
				FDF30397290B9B7D00BF3FEE /* main.swift in Sources */,
				FD313993290EB01B0047880E /* BOJ_2884.swift in Sources */,
				FD3139B429140BA70047880E /* BOJ_2439.swift in Sources */,
				FD3139BA2917DCA90047880E /* BOJ_8958.swift in Sources */,
				FD3139BC2917E01D0047880E /* BOJ_3052.swift in Sources */,
				FDF303A0290B9BB700BF3FEE /* BOJ_1264.swift in Sources */,
				FD313991290EAD6D0047880E /* BOJ_2753.swift in Sources */,
			);
			runOnlyForDeploymentPostprocessing = 0;
		};
/* End PBXSourcesBuildPhase section */

/* Begin XCBuildConfiguration section */
		FDF30398290B9B7D00BF3FEE /* Debug */ = {
			isa = XCBuildConfiguration;
			buildSettings = {
				ALWAYS_SEARCH_USER_PATHS = NO;
				CLANG_ANALYZER_NONNULL = YES;
				CLANG_ANALYZER_NUMBER_OBJECT_CONVERSION = YES_AGGRESSIVE;
				CLANG_CXX_LANGUAGE_STANDARD = "gnu++17";
				CLANG_ENABLE_MODULES = YES;
				CLANG_ENABLE_OBJC_ARC = YES;
				CLANG_ENABLE_OBJC_WEAK = YES;
				CLANG_WARN_BLOCK_CAPTURE_AUTORELEASING = YES;
				CLANG_WARN_BOOL_CONVERSION = YES;
				CLANG_WARN_COMMA = YES;
				CLANG_WARN_CONSTANT_CONVERSION = YES;
				CLANG_WARN_DEPRECATED_OBJC_IMPLEMENTATIONS = YES;
				CLANG_WARN_DIRECT_OBJC_ISA_USAGE = YES_ERROR;
				CLANG_WARN_DOCUMENTATION_COMMENTS = YES;
				CLANG_WARN_EMPTY_BODY = YES;
				CLANG_WARN_ENUM_CONVERSION = YES;
				CLANG_WARN_INFINITE_RECURSION = YES;
				CLANG_WARN_INT_CONVERSION = YES;
				CLANG_WARN_NON_LITERAL_NULL_CONVERSION = YES;
				CLANG_WARN_OBJC_IMPLICIT_RETAIN_SELF = YES;
				CLANG_WARN_OBJC_LITERAL_CONVERSION = YES;
				CLANG_WARN_OBJC_ROOT_CLASS = YES_ERROR;
				CLANG_WARN_QUOTED_INCLUDE_IN_FRAMEWORK_HEADER = YES;
				CLANG_WARN_RANGE_LOOP_ANALYSIS = YES;
				CLANG_WARN_STRICT_PROTOTYPES = YES;
				CLANG_WARN_SUSPICIOUS_MOVE = YES;
				CLANG_WARN_UNGUARDED_AVAILABILITY = YES_AGGRESSIVE;
				CLANG_WARN_UNREACHABLE_CODE = YES;
				CLANG_WARN__DUPLICATE_METHOD_MATCH = YES;
				COPY_PHASE_STRIP = NO;
				DEAD_CODE_STRIPPING = YES;
				DEBUG_INFORMATION_FORMAT = dwarf;
				ENABLE_STRICT_OBJC_MSGSEND = YES;
				ENABLE_TESTABILITY = YES;
				GCC_C_LANGUAGE_STANDARD = gnu11;
				GCC_DYNAMIC_NO_PIC = NO;
				GCC_NO_COMMON_BLOCKS = YES;
				GCC_OPTIMIZATION_LEVEL = 0;
				GCC_PREPROCESSOR_DEFINITIONS = (
					"DEBUG=1",
					"$(inherited)",
				);
				GCC_WARN_64_TO_32_BIT_CONVERSION = YES;
				GCC_WARN_ABOUT_RETURN_TYPE = YES_ERROR;
				GCC_WARN_UNDECLARED_SELECTOR = YES;
				GCC_WARN_UNINITIALIZED_AUTOS = YES_AGGRESSIVE;
				GCC_WARN_UNUSED_FUNCTION = YES;
				GCC_WARN_UNUSED_VARIABLE = YES;
				MACOSX_DEPLOYMENT_TARGET = 12.3;
				MTL_ENABLE_DEBUG_INFO = INCLUDE_SOURCE;
				MTL_FAST_MATH = YES;
				ONLY_ACTIVE_ARCH = YES;
				SDKROOT = macosx;
				SWIFT_ACTIVE_COMPILATION_CONDITIONS = DEBUG;
				SWIFT_OPTIMIZATION_LEVEL = "-Onone";
			};
			name = Debug;
		};
		FDF30399290B9B7D00BF3FEE /* Release */ = {
			isa = XCBuildConfiguration;
			buildSettings = {
				ALWAYS_SEARCH_USER_PATHS = NO;
				CLANG_ANALYZER_NONNULL = YES;
				CLANG_ANALYZER_NUMBER_OBJECT_CONVERSION = YES_AGGRESSIVE;
				CLANG_CXX_LANGUAGE_STANDARD = "gnu++17";
				CLANG_ENABLE_MODULES = YES;
				CLANG_ENABLE_OBJC_ARC = YES;
				CLANG_ENABLE_OBJC_WEAK = YES;
				CLANG_WARN_BLOCK_CAPTURE_AUTORELEASING = YES;
				CLANG_WARN_BOOL_CONVERSION = YES;
				CLANG_WARN_COMMA = YES;
				CLANG_WARN_CONSTANT_CONVERSION = YES;
				CLANG_WARN_DEPRECATED_OBJC_IMPLEMENTATIONS = YES;
				CLANG_WARN_DIRECT_OBJC_ISA_USAGE = YES_ERROR;
				CLANG_WARN_DOCUMENTATION_COMMENTS = YES;
				CLANG_WARN_EMPTY_BODY = YES;
				CLANG_WARN_ENUM_CONVERSION = YES;
				CLANG_WARN_INFINITE_RECURSION = YES;
				CLANG_WARN_INT_CONVERSION = YES;
				CLANG_WARN_NON_LITERAL_NULL_CONVERSION = YES;
				CLANG_WARN_OBJC_IMPLICIT_RETAIN_SELF = YES;
				CLANG_WARN_OBJC_LITERAL_CONVERSION = YES;
				CLANG_WARN_OBJC_ROOT_CLASS = YES_ERROR;
				CLANG_WARN_QUOTED_INCLUDE_IN_FRAMEWORK_HEADER = YES;
				CLANG_WARN_RANGE_LOOP_ANALYSIS = YES;
				CLANG_WARN_STRICT_PROTOTYPES = YES;
				CLANG_WARN_SUSPICIOUS_MOVE = YES;
				CLANG_WARN_UNGUARDED_AVAILABILITY = YES_AGGRESSIVE;
				CLANG_WARN_UNREACHABLE_CODE = YES;
				CLANG_WARN__DUPLICATE_METHOD_MATCH = YES;
				COPY_PHASE_STRIP = NO;
				DEAD_CODE_STRIPPING = YES;
				DEBUG_INFORMATION_FORMAT = "dwarf-with-dsym";
				ENABLE_NS_ASSERTIONS = NO;
				ENABLE_STRICT_OBJC_MSGSEND = YES;
				GCC_C_LANGUAGE_STANDARD = gnu11;
				GCC_NO_COMMON_BLOCKS = YES;
				GCC_WARN_64_TO_32_BIT_CONVERSION = YES;
				GCC_WARN_ABOUT_RETURN_TYPE = YES_ERROR;
				GCC_WARN_UNDECLARED_SELECTOR = YES;
				GCC_WARN_UNINITIALIZED_AUTOS = YES_AGGRESSIVE;
				GCC_WARN_UNUSED_FUNCTION = YES;
				GCC_WARN_UNUSED_VARIABLE = YES;
				MACOSX_DEPLOYMENT_TARGET = 12.3;
				MTL_ENABLE_DEBUG_INFO = NO;
				MTL_FAST_MATH = YES;
				SDKROOT = macosx;
				SWIFT_COMPILATION_MODE = wholemodule;
				SWIFT_OPTIMIZATION_LEVEL = "-O";
			};
			name = Release;
		};
		FDF3039B290B9B7D00BF3FEE /* Debug */ = {
			isa = XCBuildConfiguration;
			buildSettings = {
				CODE_SIGN_IDENTITY = "-";
				CODE_SIGN_STYLE = Automatic;
				DEAD_CODE_STRIPPING = YES;
				DEVELOPMENT_TEAM = 4K2FDLWHBL;
				ENABLE_HARDENED_RUNTIME = YES;
				PRODUCT_NAME = "$(TARGET_NAME)";
				SWIFT_VERSION = 5.0;
			};
			name = Debug;
		};
		FDF3039C290B9B7D00BF3FEE /* Release */ = {
			isa = XCBuildConfiguration;
			buildSettings = {
				CODE_SIGN_IDENTITY = "-";
				CODE_SIGN_STYLE = Automatic;
				DEAD_CODE_STRIPPING = YES;
				DEVELOPMENT_TEAM = 4K2FDLWHBL;
				ENABLE_HARDENED_RUNTIME = YES;
				PRODUCT_NAME = "$(TARGET_NAME)";
				SWIFT_VERSION = 5.0;
			};
			name = Release;
		};
/* End XCBuildConfiguration section */

/* Begin XCConfigurationList section */
		FDF3038E290B9B7D00BF3FEE /* Build configuration list for PBXProject "AlogrithmsStudy-Minsson" */ = {
			isa = XCConfigurationList;
			buildConfigurations = (
				FDF30398290B9B7D00BF3FEE /* Debug */,
				FDF30399290B9B7D00BF3FEE /* Release */,
			);
			defaultConfigurationIsVisible = 0;
			defaultConfigurationName = Release;
		};
		FDF3039A290B9B7D00BF3FEE /* Build configuration list for PBXNativeTarget "AlogrithmsStudy-Minsson" */ = {
			isa = XCConfigurationList;
			buildConfigurations = (
				FDF3039B290B9B7D00BF3FEE /* Debug */,
				FDF3039C290B9B7D00BF3FEE /* Release */,
			);
			defaultConfigurationIsVisible = 0;
			defaultConfigurationName = Release;
		};
/* End XCConfigurationList section */
	};
	rootObject = FDF3038B290B9B7D00BF3FEE /* Project object */;
}
